// !$*UTF8*$!
{
	archiveVersion = 1;
	classes = {
	};
	objectVersion = 46;
	objects = {

/* Begin PBXBuildFile section */
		501F271F14ED68D200ED9E92 /* UnitedPaths.framework in Frameworks */ = {isa = PBXBuildFile; fileRef = 50CA952114EBDC13000A3197 /* UnitedPaths.framework */; };
		50C286FC14EE7492003D60C2 /* UnitedPaths.framework in Frameworks */ = {isa = PBXBuildFile; fileRef = 50CA952114EBDC13000A3197 /* UnitedPaths.framework */; };
		50CA952814EBDC14000A3197 /* InfoPlist.strings in Resources */ = {isa = PBXBuildFile; fileRef = 50CA952614EBDC14000A3197 /* InfoPlist.strings */; };
		50CA953314EBDC14000A3197 /* SenTestingKit.framework in Frameworks */ = {isa = PBXBuildFile; fileRef = 50F8871914CF427F007AEE2E /* SenTestingKit.framework */; };
		50CA953414EBDC14000A3197 /* Cocoa.framework in Frameworks */ = {isa = PBXBuildFile; fileRef = 50F886F814CF427E007AEE2E /* Cocoa.framework */; };
		50CA953D14EBDC14000A3197 /* InfoPlist.strings in Resources */ = {isa = PBXBuildFile; fileRef = 50CA953B14EBDC14000A3197 /* InfoPlist.strings */; };
		50CA954B14EBDC85000A3197 /* FLGeometry.h in Headers */ = {isa = PBXBuildFile; fileRef = 500FCBFE14D02BF700F8689C /* FLGeometry.h */; };
		50CA954C14EBDC85000A3197 /* FLGeometry.m in Sources */ = {isa = PBXBuildFile; fileRef = 500FCBFF14D02BF700F8689C /* FLGeometry.m */; };
		50CA954D14EBDC85000A3197 /* FLIntersection.h in Headers */ = {isa = PBXBuildFile; fileRef = 500EBCF214DC146700F541D6 /* FLIntersection.h */; };
		50CA954E14EBDC85000A3197 /* FLIntersection.m in Sources */ = {isa = PBXBuildFile; fileRef = 500EBCF314DC146700F541D6 /* FLIntersection.m */; };
		50CA954F14EBDC85000A3197 /* FLPathSegment.h in Headers */ = {isa = PBXBuildFile; fileRef = 500EBCED14DC13F700F541D6 /* FLPathSegment.h */; };
		50CA955014EBDC85000A3197 /* FLPathSegment.m in Sources */ = {isa = PBXBuildFile; fileRef = 500EBCEE14DC13F700F541D6 /* FLPathSegment.m */; };
		50CA955114EBDC85000A3197 /* NSArray+CreateDictionaryUsingBlock.h in Headers */ = {isa = PBXBuildFile; fileRef = 5078B1F814E280310034D155 /* NSArray+CreateDictionaryUsingBlock.h */; };
		50CA955214EBDC85000A3197 /* NSArray+CreateDictionaryUsingBlock.m in Sources */ = {isa = PBXBuildFile; fileRef = 5078B1F914E280310034D155 /* NSArray+CreateDictionaryUsingBlock.m */; };
		50CA955314EBDC85000A3197 /* NSBezierPath+BezierLabs.h in Headers */ = {isa = PBXBuildFile; fileRef = 5015CB5E14DAB5E500BE3345 /* NSBezierPath+BezierLabs.h */; settings = {ATTRIBUTES = (Public, ); }; };
		50CA955414EBDC85000A3197 /* NSBezierPath+BezierLabs.m in Sources */ = {isa = PBXBuildFile; fileRef = 5015CB5F14DAB5E500BE3345 /* NSBezierPath+BezierLabs.m */; };
		50CA955514EBDD6A000A3197 /* BezierLabTests.m in Sources */ = {isa = PBXBuildFile; fileRef = 50F8872514CF427F007AEE2E /* BezierLabTests.m */; };
		50CA955614EBDD73000A3197 /* FLGeometryCurveSplitTest.m in Sources */ = {isa = PBXBuildFile; fileRef = 505D876D14D2D24F0091BB4D /* FLGeometryCurveSplitTest.m */; };
		50CA955714EBDD8B000A3197 /* FLGeometryCurveToSegmentsTest.m in Sources */ = {isa = PBXBuildFile; fileRef = 500FCC0C14D0445A00F8689C /* FLGeometryCurveToSegmentsTest.m */; };
		50CA955814EBDD8B000A3197 /* FLGeometryHelpersTest.m in Sources */ = {isa = PBXBuildFile; fileRef = 50C36CBE14DED0F200D1FC51 /* FLGeometryHelpersTest.m */; };
		50CA955914EBDD8B000A3197 /* FLGeometryLineCurveIntersectionTest.m in Sources */ = {isa = PBXBuildFile; fileRef = 5078B1E214E157340034D155 /* FLGeometryLineCurveIntersectionTest.m */; };
		50CA955A14EBDD8B000A3197 /* FLGeometryLineIntersectionTest.m in Sources */ = {isa = PBXBuildFile; fileRef = 500FCC0814D02CD600F8689C /* FLGeometryLineIntersectionTest.m */; };
		50CA955B14EBDD8B000A3197 /* FLGeometryPathElementIntersectionsTest.m in Sources */ = {isa = PBXBuildFile; fileRef = 5047F4A114D198910068AFE4 /* FLGeometryPathElementIntersectionsTest.m */; };
		50CA955C14EBDD8B000A3197 /* FLIntersectionTest.m in Sources */ = {isa = PBXBuildFile; fileRef = 50F55FFC14DFCF4F0097425A /* FLIntersectionTest.m */; };
		50CA955D14EBDD8B000A3197 /* FLPathSegmentBezierPathWithSegmentsTest.m in Sources */ = {isa = PBXBuildFile; fileRef = 5078B1E514E16AB30034D155 /* FLPathSegmentBezierPathWithSegmentsTest.m */; };
		50CA955E14EBDD8B000A3197 /* FLPathSegmentEqualityTest.m in Sources */ = {isa = PBXBuildFile; fileRef = 500EBCFC14DC275A00F541D6 /* FLPathSegmentEqualityTest.m */; };
		50CA955F14EBDD8B000A3197 /* FLPathSegmentIntersectionsTest.m in Sources */ = {isa = PBXBuildFile; fileRef = 50C36CBB14DED08700D1FC51 /* FLPathSegmentIntersectionsTest.m */; };
		50CA956014EBDD8B000A3197 /* FLPathSegmentMarkUnionOf.m in Sources */ = {isa = PBXBuildFile; fileRef = 50BB9EF514E5159000AF4F8E /* FLPathSegmentMarkUnionOf.m */; };
		50CA956114EBDD8B000A3197 /* FLPathSegmentReassemble.m in Sources */ = {isa = PBXBuildFile; fileRef = 50022DFE14E92CE30083A5C3 /* FLPathSegmentReassemble.m */; };
		50CA956214EBDD8B000A3197 /* FLPathSegmentResegmentTest.m in Sources */ = {isa = PBXBuildFile; fileRef = 500EBCF614DC19C600F541D6 /* FLPathSegmentResegmentTest.m */; };
		50CA956314EBDD8B000A3197 /* NSArrayCreateDictionaryUsingBlockTest.m in Sources */ = {isa = PBXBuildFile; fileRef = 5078B1DA14E1163D0034D155 /* NSArrayCreateDictionaryUsingBlockTest.m */; };
		50CA956414EBDD8B000A3197 /* NSBezierPathAppendPathWithElementTest.m in Sources */ = {isa = PBXBuildFile; fileRef = 5078B20014E284380034D155 /* NSBezierPathAppendPathWithElementTest.m */; };
		50CA956514EBDD8B000A3197 /* NSBezierPathBehaviorTest.m in Sources */ = {isa = PBXBuildFile; fileRef = 5078B20314E2854D0034D155 /* NSBezierPathBehaviorTest.m */; };
		50CA956614EBDD8B000A3197 /* NSBezierPathEqualityTest.m in Sources */ = {isa = PBXBuildFile; fileRef = 5078B1FC14E283650034D155 /* NSBezierPathEqualityTest.m */; };
		50CA956714EBDD8B000A3197 /* NSBezierPathSegmentsTest.m in Sources */ = {isa = PBXBuildFile; fileRef = 500EBCF914DC207D00F541D6 /* NSBezierPathSegmentsTest.m */; };
		50CA956814EBDD8B000A3197 /* NSValueWithPointBugTest.m in Sources */ = {isa = PBXBuildFile; fileRef = 50C36CB714DEAB4B00D1FC51 /* NSValueWithPointBugTest.m */; };
		50CA957714ED1AAB000A3197 /* Cocoa.framework in Frameworks */ = {isa = PBXBuildFile; fileRef = 50F886F814CF427E007AEE2E /* Cocoa.framework */; };
		50F886F914CF427E007AEE2E /* Cocoa.framework in Frameworks */ = {isa = PBXBuildFile; fileRef = 50F886F814CF427E007AEE2E /* Cocoa.framework */; };
		50F8870314CF427E007AEE2E /* InfoPlist.strings in Resources */ = {isa = PBXBuildFile; fileRef = 50F8870114CF427E007AEE2E /* InfoPlist.strings */; };
		50F8870514CF427E007AEE2E /* main.m in Sources */ = {isa = PBXBuildFile; fileRef = 50F8870414CF427E007AEE2E /* main.m */; };
		50F8870914CF427E007AEE2E /* Credits.rtf in Resources */ = {isa = PBXBuildFile; fileRef = 50F8870714CF427E007AEE2E /* Credits.rtf */; };
		50F8870C14CF427E007AEE2E /* FLDocument.m in Sources */ = {isa = PBXBuildFile; fileRef = 50F8870B14CF427E007AEE2E /* FLDocument.m */; };
		50F8870F14CF427E007AEE2E /* FLDocument.xib in Resources */ = {isa = PBXBuildFile; fileRef = 50F8870D14CF427E007AEE2E /* FLDocument.xib */; };
		50F8871214CF427F007AEE2E /* MainMenu.xib in Resources */ = {isa = PBXBuildFile; fileRef = 50F8871014CF427F007AEE2E /* MainMenu.xib */; };
		50F8873114CF4769007AEE2E /* FLCanvas.m in Sources */ = {isa = PBXBuildFile; fileRef = 50F8873014CF4769007AEE2E /* FLCanvas.m */; };
/* End PBXBuildFile section */

/* Begin PBXContainerItemProxy section */
		505B128314ED6627009D9769 /* PBXContainerItemProxy */ = {
			isa = PBXContainerItemProxy;
			containerPortal = 50F886EB14CF427E007AEE2E /* Project object */;
			proxyType = 1;
			remoteGlobalIDString = 50CA952014EBDC13000A3197;
			remoteInfo = UnitedPaths;
		};
		50CA953514EBDC14000A3197 /* PBXContainerItemProxy */ = {
			isa = PBXContainerItemProxy;
			containerPortal = 50F886EB14CF427E007AEE2E /* Project object */;
			proxyType = 1;
			remoteGlobalIDString = 50CA952014EBDC13000A3197;
			remoteInfo = UnitedPaths;
		};
/* End PBXContainerItemProxy section */

/* Begin PBXFileReference section */
		50022DFD14E92CE30083A5C3 /* FLPathSegmentReassemble.h */ = {isa = PBXFileReference; fileEncoding = 4; lastKnownFileType = sourcecode.c.h; path = FLPathSegmentReassemble.h; sourceTree = "<group>"; };
		50022DFE14E92CE30083A5C3 /* FLPathSegmentReassemble.m */ = {isa = PBXFileReference; fileEncoding = 4; lastKnownFileType = sourcecode.c.objc; path = FLPathSegmentReassemble.m; sourceTree = "<group>"; };
		500EBCED14DC13F700F541D6 /* FLPathSegment.h */ = {isa = PBXFileReference; fileEncoding = 4; lastKnownFileType = sourcecode.c.h; path = FLPathSegment.h; sourceTree = "<group>"; };
		500EBCEE14DC13F700F541D6 /* FLPathSegment.m */ = {isa = PBXFileReference; fileEncoding = 4; lastKnownFileType = sourcecode.c.objc; path = FLPathSegment.m; sourceTree = "<group>"; };
		500EBCF214DC146700F541D6 /* FLIntersection.h */ = {isa = PBXFileReference; fileEncoding = 4; lastKnownFileType = sourcecode.c.h; path = FLIntersection.h; sourceTree = "<group>"; };
		500EBCF314DC146700F541D6 /* FLIntersection.m */ = {isa = PBXFileReference; fileEncoding = 4; lastKnownFileType = sourcecode.c.objc; path = FLIntersection.m; sourceTree = "<group>"; };
		500EBCF514DC19C600F541D6 /* FLPathSegmentResegmentTest.h */ = {isa = PBXFileReference; fileEncoding = 4; lastKnownFileType = sourcecode.c.h; path = FLPathSegmentResegmentTest.h; sourceTree = "<group>"; };
		500EBCF614DC19C600F541D6 /* FLPathSegmentResegmentTest.m */ = {isa = PBXFileReference; fileEncoding = 4; lastKnownFileType = sourcecode.c.objc; path = FLPathSegmentResegmentTest.m; sourceTree = "<group>"; };
		500EBCF814DC207D00F541D6 /* NSBezierPathSegmentsTest.h */ = {isa = PBXFileReference; fileEncoding = 4; lastKnownFileType = sourcecode.c.h; path = NSBezierPathSegmentsTest.h; sourceTree = "<group>"; };
		500EBCF914DC207D00F541D6 /* NSBezierPathSegmentsTest.m */ = {isa = PBXFileReference; fileEncoding = 4; lastKnownFileType = sourcecode.c.objc; path = NSBezierPathSegmentsTest.m; sourceTree = "<group>"; };
		500EBCFB14DC275A00F541D6 /* FLPathSegmentEqualityTest.h */ = {isa = PBXFileReference; fileEncoding = 4; lastKnownFileType = sourcecode.c.h; path = FLPathSegmentEqualityTest.h; sourceTree = "<group>"; };
		500EBCFC14DC275A00F541D6 /* FLPathSegmentEqualityTest.m */ = {isa = PBXFileReference; fileEncoding = 4; lastKnownFileType = sourcecode.c.objc; path = FLPathSegmentEqualityTest.m; sourceTree = "<group>"; };
		500FCBFE14D02BF700F8689C /* FLGeometry.h */ = {isa = PBXFileReference; fileEncoding = 4; lastKnownFileType = sourcecode.c.h; lineEnding = 0; path = FLGeometry.h; sourceTree = "<group>"; xcLanguageSpecificationIdentifier = xcode.lang.objcpp; };
		500FCBFF14D02BF700F8689C /* FLGeometry.m */ = {isa = PBXFileReference; fileEncoding = 4; lastKnownFileType = sourcecode.c.objc; lineEnding = 0; path = FLGeometry.m; sourceTree = "<group>"; xcLanguageSpecificationIdentifier = xcode.lang.objc; };
		500FCC0714D02CD600F8689C /* FLGeometryLineIntersectionTest.h */ = {isa = PBXFileReference; fileEncoding = 4; lastKnownFileType = sourcecode.c.h; path = FLGeometryLineIntersectionTest.h; sourceTree = "<group>"; };
		500FCC0814D02CD600F8689C /* FLGeometryLineIntersectionTest.m */ = {isa = PBXFileReference; fileEncoding = 4; lastKnownFileType = sourcecode.c.objc; path = FLGeometryLineIntersectionTest.m; sourceTree = "<group>"; };
		500FCC0B14D0445A00F8689C /* FLGeometryCurveToSegmentsTest.h */ = {isa = PBXFileReference; fileEncoding = 4; lastKnownFileType = sourcecode.c.h; path = FLGeometryCurveToSegmentsTest.h; sourceTree = "<group>"; };
		500FCC0C14D0445A00F8689C /* FLGeometryCurveToSegmentsTest.m */ = {isa = PBXFileReference; fileEncoding = 4; lastKnownFileType = sourcecode.c.objc; path = FLGeometryCurveToSegmentsTest.m; sourceTree = "<group>"; };
		5015CB5E14DAB5E500BE3345 /* NSBezierPath+BezierLabs.h */ = {isa = PBXFileReference; fileEncoding = 4; lastKnownFileType = sourcecode.c.h; path = "NSBezierPath+BezierLabs.h"; sourceTree = "<group>"; };
		5015CB5F14DAB5E500BE3345 /* NSBezierPath+BezierLabs.m */ = {isa = PBXFileReference; fileEncoding = 4; lastKnownFileType = sourcecode.c.objc; path = "NSBezierPath+BezierLabs.m"; sourceTree = "<group>"; };
		5047F4A014D198910068AFE4 /* FLGeometryPathElementIntersectionsTest.h */ = {isa = PBXFileReference; fileEncoding = 4; lastKnownFileType = sourcecode.c.h; path = FLGeometryPathElementIntersectionsTest.h; sourceTree = "<group>"; };
		5047F4A114D198910068AFE4 /* FLGeometryPathElementIntersectionsTest.m */ = {isa = PBXFileReference; fileEncoding = 4; lastKnownFileType = sourcecode.c.objc; path = FLGeometryPathElementIntersectionsTest.m; sourceTree = "<group>"; };
		505D876C14D2D24F0091BB4D /* FLGeometryCurveSplitTest.h */ = {isa = PBXFileReference; fileEncoding = 4; lastKnownFileType = sourcecode.c.h; path = FLGeometryCurveSplitTest.h; sourceTree = "<group>"; };
		505D876D14D2D24F0091BB4D /* FLGeometryCurveSplitTest.m */ = {isa = PBXFileReference; fileEncoding = 4; lastKnownFileType = sourcecode.c.objc; path = FLGeometryCurveSplitTest.m; sourceTree = "<group>"; };
		5078B1D914E1163D0034D155 /* NSArrayCreateDictionaryUsingBlockTest.h */ = {isa = PBXFileReference; fileEncoding = 4; lastKnownFileType = sourcecode.c.h; path = NSArrayCreateDictionaryUsingBlockTest.h; sourceTree = "<group>"; };
		5078B1DA14E1163D0034D155 /* NSArrayCreateDictionaryUsingBlockTest.m */ = {isa = PBXFileReference; fileEncoding = 4; lastKnownFileType = sourcecode.c.objc; path = NSArrayCreateDictionaryUsingBlockTest.m; sourceTree = "<group>"; };
		5078B1E114E157340034D155 /* FLGeometryLineCurveIntersectionTest.h */ = {isa = PBXFileReference; fileEncoding = 4; lastKnownFileType = sourcecode.c.h; path = FLGeometryLineCurveIntersectionTest.h; sourceTree = "<group>"; };
		5078B1E214E157340034D155 /* FLGeometryLineCurveIntersectionTest.m */ = {isa = PBXFileReference; fileEncoding = 4; lastKnownFileType = sourcecode.c.objc; path = FLGeometryLineCurveIntersectionTest.m; sourceTree = "<group>"; };
		5078B1E414E16AB30034D155 /* FLPathSegmentBezierPathWithSegmentsTest.h */ = {isa = PBXFileReference; fileEncoding = 4; lastKnownFileType = sourcecode.c.h; path = FLPathSegmentBezierPathWithSegmentsTest.h; sourceTree = "<group>"; };
		5078B1E514E16AB30034D155 /* FLPathSegmentBezierPathWithSegmentsTest.m */ = {isa = PBXFileReference; fileEncoding = 4; lastKnownFileType = sourcecode.c.objc; path = FLPathSegmentBezierPathWithSegmentsTest.m; sourceTree = "<group>"; };
		5078B1F814E280310034D155 /* NSArray+CreateDictionaryUsingBlock.h */ = {isa = PBXFileReference; fileEncoding = 4; lastKnownFileType = sourcecode.c.h; path = "NSArray+CreateDictionaryUsingBlock.h"; sourceTree = "<group>"; };
		5078B1F914E280310034D155 /* NSArray+CreateDictionaryUsingBlock.m */ = {isa = PBXFileReference; fileEncoding = 4; lastKnownFileType = sourcecode.c.objc; path = "NSArray+CreateDictionaryUsingBlock.m"; sourceTree = "<group>"; };
		5078B1FB14E283650034D155 /* NSBezierPathEqualityTest.h */ = {isa = PBXFileReference; fileEncoding = 4; lastKnownFileType = sourcecode.c.h; path = NSBezierPathEqualityTest.h; sourceTree = "<group>"; };
		5078B1FC14E283650034D155 /* NSBezierPathEqualityTest.m */ = {isa = PBXFileReference; fileEncoding = 4; lastKnownFileType = sourcecode.c.objc; path = NSBezierPathEqualityTest.m; sourceTree = "<group>"; };
		5078B1FF14E284370034D155 /* NSBezierPathAppendPathWithElementTest.h */ = {isa = PBXFileReference; fileEncoding = 4; lastKnownFileType = sourcecode.c.h; path = NSBezierPathAppendPathWithElementTest.h; sourceTree = "<group>"; };
		5078B20014E284380034D155 /* NSBezierPathAppendPathWithElementTest.m */ = {isa = PBXFileReference; fileEncoding = 4; lastKnownFileType = sourcecode.c.objc; path = NSBezierPathAppendPathWithElementTest.m; sourceTree = "<group>"; };
		5078B20214E2854C0034D155 /* NSBezierPathBehaviorTest.h */ = {isa = PBXFileReference; fileEncoding = 4; lastKnownFileType = sourcecode.c.h; path = NSBezierPathBehaviorTest.h; sourceTree = "<group>"; };
		5078B20314E2854D0034D155 /* NSBezierPathBehaviorTest.m */ = {isa = PBXFileReference; fileEncoding = 4; lastKnownFileType = sourcecode.c.objc; path = NSBezierPathBehaviorTest.m; sourceTree = "<group>"; };
		50BB9EF414E5159000AF4F8E /* FLPathSegmentMarkUnionOf.h */ = {isa = PBXFileReference; fileEncoding = 4; lastKnownFileType = sourcecode.c.h; path = FLPathSegmentMarkUnionOf.h; sourceTree = "<group>"; };
		50BB9EF514E5159000AF4F8E /* FLPathSegmentMarkUnionOf.m */ = {isa = PBXFileReference; fileEncoding = 4; lastKnownFileType = sourcecode.c.objc; path = FLPathSegmentMarkUnionOf.m; sourceTree = "<group>"; };
		50C36CB614DEAB4B00D1FC51 /* NSValueWithPointBugTest.h */ = {isa = PBXFileReference; fileEncoding = 4; lastKnownFileType = sourcecode.c.h; path = NSValueWithPointBugTest.h; sourceTree = "<group>"; };
		50C36CB714DEAB4B00D1FC51 /* NSValueWithPointBugTest.m */ = {isa = PBXFileReference; fileEncoding = 4; lastKnownFileType = sourcecode.c.objc; path = NSValueWithPointBugTest.m; sourceTree = "<group>"; };
		50C36CBA14DED08700D1FC51 /* FLPathSegmentIntersectionsTest.h */ = {isa = PBXFileReference; fileEncoding = 4; lastKnownFileType = sourcecode.c.h; path = FLPathSegmentIntersectionsTest.h; sourceTree = "<group>"; };
		50C36CBB14DED08700D1FC51 /* FLPathSegmentIntersectionsTest.m */ = {isa = PBXFileReference; fileEncoding = 4; lastKnownFileType = sourcecode.c.objc; path = FLPathSegmentIntersectionsTest.m; sourceTree = "<group>"; };
		50C36CBD14DED0F200D1FC51 /* FLGeometryHelpersTest.h */ = {isa = PBXFileReference; fileEncoding = 4; lastKnownFileType = sourcecode.c.h; path = FLGeometryHelpersTest.h; sourceTree = "<group>"; };
		50C36CBE14DED0F200D1FC51 /* FLGeometryHelpersTest.m */ = {isa = PBXFileReference; fileEncoding = 4; lastKnownFileType = sourcecode.c.objc; path = FLGeometryHelpersTest.m; sourceTree = "<group>"; };
		50CA952114EBDC13000A3197 /* UnitedPaths.framework */ = {isa = PBXFileReference; explicitFileType = wrapper.framework; includeInIndex = 0; path = UnitedPaths.framework; sourceTree = BUILT_PRODUCTS_DIR; };
		50CA952514EBDC14000A3197 /* UnitedPaths-Info.plist */ = {isa = PBXFileReference; lastKnownFileType = text.plist.xml; path = "UnitedPaths-Info.plist"; sourceTree = "<group>"; };
		50CA952714EBDC14000A3197 /* en */ = {isa = PBXFileReference; lastKnownFileType = text.plist.strings; name = en; path = en.lproj/InfoPlist.strings; sourceTree = "<group>"; };
		50CA952914EBDC14000A3197 /* UnitedPaths-Prefix.pch */ = {isa = PBXFileReference; lastKnownFileType = sourcecode.c.h; path = "UnitedPaths-Prefix.pch"; sourceTree = "<group>"; };
		50CA953214EBDC14000A3197 /* UnitedPathsTests.octest */ = {isa = PBXFileReference; explicitFileType = wrapper.cfbundle; includeInIndex = 0; path = UnitedPathsTests.octest; sourceTree = BUILT_PRODUCTS_DIR; };
		50CA953A14EBDC14000A3197 /* UnitedPathsTests-Info.plist */ = {isa = PBXFileReference; lastKnownFileType = text.plist.xml; path = "UnitedPathsTests-Info.plist"; sourceTree = "<group>"; };
		50CA953C14EBDC14000A3197 /* en */ = {isa = PBXFileReference; lastKnownFileType = text.plist.strings; name = en; path = en.lproj/InfoPlist.strings; sourceTree = "<group>"; };
		50F55FF914DFC3DE0097425A /* TestHelper.h */ = {isa = PBXFileReference; fileEncoding = 4; lastKnownFileType = sourcecode.c.h; path = TestHelper.h; sourceTree = "<group>"; };
		50F55FFB14DFCF4F0097425A /* FLIntersectionTest.h */ = {isa = PBXFileReference; fileEncoding = 4; lastKnownFileType = sourcecode.c.h; path = FLIntersectionTest.h; sourceTree = "<group>"; };
		50F55FFC14DFCF4F0097425A /* FLIntersectionTest.m */ = {isa = PBXFileReference; fileEncoding = 4; lastKnownFileType = sourcecode.c.objc; path = FLIntersectionTest.m; sourceTree = "<group>"; };
		50F886F414CF427E007AEE2E /* Demo Application.app */ = {isa = PBXFileReference; explicitFileType = wrapper.application; includeInIndex = 0; path = "Demo Application.app"; sourceTree = BUILT_PRODUCTS_DIR; };
		50F886F814CF427E007AEE2E /* Cocoa.framework */ = {isa = PBXFileReference; lastKnownFileType = wrapper.framework; name = Cocoa.framework; path = System/Library/Frameworks/Cocoa.framework; sourceTree = SDKROOT; };
		50F886FB14CF427E007AEE2E /* AppKit.framework */ = {isa = PBXFileReference; lastKnownFileType = wrapper.framework; name = AppKit.framework; path = System/Library/Frameworks/AppKit.framework; sourceTree = SDKROOT; };
		50F886FC14CF427E007AEE2E /* CoreData.framework */ = {isa = PBXFileReference; lastKnownFileType = wrapper.framework; name = CoreData.framework; path = System/Library/Frameworks/CoreData.framework; sourceTree = SDKROOT; };
		50F886FD14CF427E007AEE2E /* Foundation.framework */ = {isa = PBXFileReference; lastKnownFileType = wrapper.framework; name = Foundation.framework; path = System/Library/Frameworks/Foundation.framework; sourceTree = SDKROOT; };
		50F8870014CF427E007AEE2E /* UnitedPaths-Info.plist */ = {isa = PBXFileReference; lastKnownFileType = text.plist.xml; path = "UnitedPaths-Info.plist"; sourceTree = "<group>"; };
		50F8870214CF427E007AEE2E /* en */ = {isa = PBXFileReference; lastKnownFileType = text.plist.strings; name = en; path = en.lproj/InfoPlist.strings; sourceTree = "<group>"; };
		50F8870414CF427E007AEE2E /* main.m */ = {isa = PBXFileReference; lastKnownFileType = sourcecode.c.objc; path = main.m; sourceTree = "<group>"; };
		50F8870614CF427E007AEE2E /* BezierLab-Prefix.pch */ = {isa = PBXFileReference; lastKnownFileType = sourcecode.c.h; path = "BezierLab-Prefix.pch"; sourceTree = "<group>"; };
		50F8870814CF427E007AEE2E /* en */ = {isa = PBXFileReference; lastKnownFileType = text.rtf; name = en; path = en.lproj/Credits.rtf; sourceTree = "<group>"; };
		50F8870A14CF427E007AEE2E /* FLDocument.h */ = {isa = PBXFileReference; lastKnownFileType = sourcecode.c.h; path = FLDocument.h; sourceTree = "<group>"; };
		50F8870B14CF427E007AEE2E /* FLDocument.m */ = {isa = PBXFileReference; lastKnownFileType = sourcecode.c.objc; path = FLDocument.m; sourceTree = "<group>"; };
		50F8870E14CF427E007AEE2E /* en */ = {isa = PBXFileReference; lastKnownFileType = file.xib; name = en; path = en.lproj/FLDocument.xib; sourceTree = "<group>"; };
		50F8871114CF427F007AEE2E /* en */ = {isa = PBXFileReference; lastKnownFileType = file.xib; name = en; path = en.lproj/MainMenu.xib; sourceTree = "<group>"; };
		50F8871914CF427F007AEE2E /* SenTestingKit.framework */ = {isa = PBXFileReference; lastKnownFileType = wrapper.framework; name = SenTestingKit.framework; path = Library/Frameworks/SenTestingKit.framework; sourceTree = DEVELOPER_DIR; };
		50F8872414CF427F007AEE2E /* BezierLabTests.h */ = {isa = PBXFileReference; lastKnownFileType = sourcecode.c.h; path = BezierLabTests.h; sourceTree = "<group>"; };
		50F8872514CF427F007AEE2E /* BezierLabTests.m */ = {isa = PBXFileReference; lastKnownFileType = sourcecode.c.objc; path = BezierLabTests.m; sourceTree = "<group>"; };
		50F8872F14CF4769007AEE2E /* FLCanvas.h */ = {isa = PBXFileReference; fileEncoding = 4; lastKnownFileType = sourcecode.c.h; path = FLCanvas.h; sourceTree = "<group>"; };
		50F8873014CF4769007AEE2E /* FLCanvas.m */ = {isa = PBXFileReference; fileEncoding = 4; lastKnownFileType = sourcecode.c.objc; path = FLCanvas.m; sourceTree = "<group>"; };
/* End PBXFileReference section */

/* Begin PBXFrameworksBuildPhase section */
		50CA951D14EBDC13000A3197 /* Frameworks */ = {
			isa = PBXFrameworksBuildPhase;
			buildActionMask = 2147483647;
			files = (
				50CA957714ED1AAB000A3197 /* Cocoa.framework in Frameworks */,
			);
			runOnlyForDeploymentPostprocessing = 0;
		};
		50CA952E14EBDC14000A3197 /* Frameworks */ = {
			isa = PBXFrameworksBuildPhase;
			buildActionMask = 2147483647;
			files = (
				501F271F14ED68D200ED9E92 /* UnitedPaths.framework in Frameworks */,
				50CA953314EBDC14000A3197 /* SenTestingKit.framework in Frameworks */,
				50CA953414EBDC14000A3197 /* Cocoa.framework in Frameworks */,
			);
			runOnlyForDeploymentPostprocessing = 0;
		};
		50F886F114CF427E007AEE2E /* Frameworks */ = {
			isa = PBXFrameworksBuildPhase;
			buildActionMask = 2147483647;
			files = (
				50C286FC14EE7492003D60C2 /* UnitedPaths.framework in Frameworks */,
				50F886F914CF427E007AEE2E /* Cocoa.framework in Frameworks */,
			);
			runOnlyForDeploymentPostprocessing = 0;
		};
/* End PBXFrameworksBuildPhase section */

/* Begin PBXGroup section */
		500EBCF114DC141500F541D6 /* Source */ = {
			isa = PBXGroup;
			children = (
				50F8872F14CF4769007AEE2E /* FLCanvas.h */,
				50F8873014CF4769007AEE2E /* FLCanvas.m */,
				50F8870A14CF427E007AEE2E /* FLDocument.h */,
				50F8870B14CF427E007AEE2E /* FLDocument.m */,
			);
			name = Source;
			sourceTree = "<group>";
		};
		500EBCFE14DC4CA800F541D6 /* Tests */ = {
			isa = PBXGroup;
			children = (
				50F8872414CF427F007AEE2E /* BezierLabTests.h */,
				50F8872514CF427F007AEE2E /* BezierLabTests.m */,
				505D876C14D2D24F0091BB4D /* FLGeometryCurveSplitTest.h */,
				505D876D14D2D24F0091BB4D /* FLGeometryCurveSplitTest.m */,
				500FCC0B14D0445A00F8689C /* FLGeometryCurveToSegmentsTest.h */,
				500FCC0C14D0445A00F8689C /* FLGeometryCurveToSegmentsTest.m */,
				50C36CBD14DED0F200D1FC51 /* FLGeometryHelpersTest.h */,
				50C36CBE14DED0F200D1FC51 /* FLGeometryHelpersTest.m */,
				5078B1E114E157340034D155 /* FLGeometryLineCurveIntersectionTest.h */,
				5078B1E214E157340034D155 /* FLGeometryLineCurveIntersectionTest.m */,
				500FCC0714D02CD600F8689C /* FLGeometryLineIntersectionTest.h */,
				500FCC0814D02CD600F8689C /* FLGeometryLineIntersectionTest.m */,
				5047F4A014D198910068AFE4 /* FLGeometryPathElementIntersectionsTest.h */,
				5047F4A114D198910068AFE4 /* FLGeometryPathElementIntersectionsTest.m */,
				50F55FFB14DFCF4F0097425A /* FLIntersectionTest.h */,
				50F55FFC14DFCF4F0097425A /* FLIntersectionTest.m */,
				5078B1E414E16AB30034D155 /* FLPathSegmentBezierPathWithSegmentsTest.h */,
				5078B1E514E16AB30034D155 /* FLPathSegmentBezierPathWithSegmentsTest.m */,
				500EBCFB14DC275A00F541D6 /* FLPathSegmentEqualityTest.h */,
				500EBCFC14DC275A00F541D6 /* FLPathSegmentEqualityTest.m */,
				50C36CBA14DED08700D1FC51 /* FLPathSegmentIntersectionsTest.h */,
				50C36CBB14DED08700D1FC51 /* FLPathSegmentIntersectionsTest.m */,
				50BB9EF414E5159000AF4F8E /* FLPathSegmentMarkUnionOf.h */,
				50BB9EF514E5159000AF4F8E /* FLPathSegmentMarkUnionOf.m */,
				50022DFD14E92CE30083A5C3 /* FLPathSegmentReassemble.h */,
				50022DFE14E92CE30083A5C3 /* FLPathSegmentReassemble.m */,
				500EBCF514DC19C600F541D6 /* FLPathSegmentResegmentTest.h */,
				500EBCF614DC19C600F541D6 /* FLPathSegmentResegmentTest.m */,
				5078B1D914E1163D0034D155 /* NSArrayCreateDictionaryUsingBlockTest.h */,
				5078B1DA14E1163D0034D155 /* NSArrayCreateDictionaryUsingBlockTest.m */,
				5078B1FF14E284370034D155 /* NSBezierPathAppendPathWithElementTest.h */,
				5078B20014E284380034D155 /* NSBezierPathAppendPathWithElementTest.m */,
				5078B20214E2854C0034D155 /* NSBezierPathBehaviorTest.h */,
				5078B20314E2854D0034D155 /* NSBezierPathBehaviorTest.m */,
				5078B1FB14E283650034D155 /* NSBezierPathEqualityTest.h */,
				5078B1FC14E283650034D155 /* NSBezierPathEqualityTest.m */,
				500EBCF814DC207D00F541D6 /* NSBezierPathSegmentsTest.h */,
				500EBCF914DC207D00F541D6 /* NSBezierPathSegmentsTest.m */,
				50C36CB614DEAB4B00D1FC51 /* NSValueWithPointBugTest.h */,
				50C36CB714DEAB4B00D1FC51 /* NSValueWithPointBugTest.m */,
				50F55FF914DFC3DE0097425A /* TestHelper.h */,
			);
			path = Tests;
			sourceTree = "<group>";
		};
		5078B20E14E28EE00034D155 /* Source */ = {
			isa = PBXGroup;
			children = (
				500FCBFE14D02BF700F8689C /* FLGeometry.h */,
				500FCBFF14D02BF700F8689C /* FLGeometry.m */,
				500EBCF214DC146700F541D6 /* FLIntersection.h */,
				500EBCF314DC146700F541D6 /* FLIntersection.m */,
				500EBCED14DC13F700F541D6 /* FLPathSegment.h */,
				500EBCEE14DC13F700F541D6 /* FLPathSegment.m */,
				5078B1F814E280310034D155 /* NSArray+CreateDictionaryUsingBlock.h */,
				5078B1F914E280310034D155 /* NSArray+CreateDictionaryUsingBlock.m */,
				5015CB5E14DAB5E500BE3345 /* NSBezierPath+BezierLabs.h */,
				5015CB5F14DAB5E500BE3345 /* NSBezierPath+BezierLabs.m */,
			);
			path = Source;
			sourceTree = "<group>";
		};
		50CA952314EBDC14000A3197 /* UnitedPaths */ = {
			isa = PBXGroup;
			children = (
				5078B20E14E28EE00034D155 /* Source */,
				50CA952414EBDC14000A3197 /* Supporting Files */,
			);
			path = UnitedPaths;
			sourceTree = "<group>";
		};
		50CA952414EBDC14000A3197 /* Supporting Files */ = {
			isa = PBXGroup;
			children = (
				50CA952514EBDC14000A3197 /* UnitedPaths-Info.plist */,
				50CA952614EBDC14000A3197 /* InfoPlist.strings */,
				50CA952914EBDC14000A3197 /* UnitedPaths-Prefix.pch */,
			);
			name = "Supporting Files";
			sourceTree = "<group>";
		};
		50CA953814EBDC14000A3197 /* UnitedPathsTests */ = {
			isa = PBXGroup;
			children = (
				500EBCFE14DC4CA800F541D6 /* Tests */,
				50CA953914EBDC14000A3197 /* Supporting Files */,
			);
			path = UnitedPathsTests;
			sourceTree = "<group>";
		};
		50CA953914EBDC14000A3197 /* Supporting Files */ = {
			isa = PBXGroup;
			children = (
				50CA953A14EBDC14000A3197 /* UnitedPathsTests-Info.plist */,
				50CA953B14EBDC14000A3197 /* InfoPlist.strings */,
			);
			name = "Supporting Files";
			sourceTree = "<group>";
		};
		50F886E914CF427E007AEE2E = {
			isa = PBXGroup;
			children = (
				50F886FE14CF427E007AEE2E /* Demo Application */,
				50CA952314EBDC14000A3197 /* UnitedPaths */,
				50CA953814EBDC14000A3197 /* UnitedPathsTests */,
				50F886F714CF427E007AEE2E /* Frameworks */,
				50F886F514CF427E007AEE2E /* Products */,
			);
			sourceTree = "<group>";
		};
		50F886F514CF427E007AEE2E /* Products */ = {
			isa = PBXGroup;
			children = (
				50F886F414CF427E007AEE2E /* Demo Application.app */,
				50CA952114EBDC13000A3197 /* UnitedPaths.framework */,
				50CA953214EBDC14000A3197 /* UnitedPathsTests.octest */,
			);
			name = Products;
			sourceTree = "<group>";
		};
		50F886F714CF427E007AEE2E /* Frameworks */ = {
			isa = PBXGroup;
			children = (
				50F886F814CF427E007AEE2E /* Cocoa.framework */,
				50F8871914CF427F007AEE2E /* SenTestingKit.framework */,
				50F886FA14CF427E007AEE2E /* Other Frameworks */,
			);
			name = Frameworks;
			sourceTree = "<group>";
		};
		50F886FA14CF427E007AEE2E /* Other Frameworks */ = {
			isa = PBXGroup;
			children = (
				50F886FB14CF427E007AEE2E /* AppKit.framework */,
				50F886FC14CF427E007AEE2E /* CoreData.framework */,
				50F886FD14CF427E007AEE2E /* Foundation.framework */,
			);
			name = "Other Frameworks";
			sourceTree = "<group>";
		};
		50F886FE14CF427E007AEE2E /* Demo Application */ = {
			isa = PBXGroup;
			children = (
				500EBCF114DC141500F541D6 /* Source */,
				50F8870D14CF427E007AEE2E /* FLDocument.xib */,
				50F8871014CF427F007AEE2E /* MainMenu.xib */,
				50F886FF14CF427E007AEE2E /* Supporting Files */,
			);
			name = "Demo Application";
			path = BezierLab;
			sourceTree = "<group>";
		};
		50F886FF14CF427E007AEE2E /* Supporting Files */ = {
			isa = PBXGroup;
			children = (
				50F8870014CF427E007AEE2E /* UnitedPaths-Info.plist */,
				50F8870114CF427E007AEE2E /* InfoPlist.strings */,
				50F8870414CF427E007AEE2E /* main.m */,
				50F8870614CF427E007AEE2E /* BezierLab-Prefix.pch */,
				50F8870714CF427E007AEE2E /* Credits.rtf */,
			);
			name = "Supporting Files";
			sourceTree = "<group>";
		};
/* End PBXGroup section */

/* Begin PBXHeadersBuildPhase section */
		50CA951E14EBDC13000A3197 /* Headers */ = {
			isa = PBXHeadersBuildPhase;
			buildActionMask = 2147483647;
			files = (
				50CA954B14EBDC85000A3197 /* FLGeometry.h in Headers */,
				50CA954D14EBDC85000A3197 /* FLIntersection.h in Headers */,
				50CA954F14EBDC85000A3197 /* FLPathSegment.h in Headers */,
				50CA955114EBDC85000A3197 /* NSArray+CreateDictionaryUsingBlock.h in Headers */,
				50CA955314EBDC85000A3197 /* NSBezierPath+BezierLabs.h in Headers */,
			);
			runOnlyForDeploymentPostprocessing = 0;
		};
/* End PBXHeadersBuildPhase section */

/* Begin PBXNativeTarget section */
		50CA952014EBDC13000A3197 /* UnitedPaths */ = {
			isa = PBXNativeTarget;
			buildConfigurationList = 50CA954514EBDC14000A3197 /* Build configuration list for PBXNativeTarget "UnitedPaths" */;
			buildPhases = (
				50CA951C14EBDC13000A3197 /* Sources */,
				50CA951D14EBDC13000A3197 /* Frameworks */,
				50CA951E14EBDC13000A3197 /* Headers */,
				50CA951F14EBDC13000A3197 /* Resources */,
			);
			buildRules = (
			);
			dependencies = (
			);
			name = UnitedPaths;
			productName = UnitedPaths;
			productReference = 50CA952114EBDC13000A3197 /* UnitedPaths.framework */;
			productType = "com.apple.product-type.framework";
		};
		50CA953114EBDC14000A3197 /* UnitedPathsTests */ = {
			isa = PBXNativeTarget;
			buildConfigurationList = 50CA954614EBDC14000A3197 /* Build configuration list for PBXNativeTarget "UnitedPathsTests" */;
			buildPhases = (
				50CA952D14EBDC14000A3197 /* Sources */,
				50CA952E14EBDC14000A3197 /* Frameworks */,
				50CA952F14EBDC14000A3197 /* Resources */,
				50CA953014EBDC14000A3197 /* ShellScript */,
			);
			buildRules = (
			);
			dependencies = (
				50CA953614EBDC14000A3197 /* PBXTargetDependency */,
			);
			name = UnitedPathsTests;
			productName = UnitedPathsTests;
			productReference = 50CA953214EBDC14000A3197 /* UnitedPathsTests.octest */;
			productType = "com.apple.product-type.bundle";
		};
		50F886F314CF427E007AEE2E /* Demo Application */ = {
			isa = PBXNativeTarget;
			buildConfigurationList = 50F8872914CF427F007AEE2E /* Build configuration list for PBXNativeTarget "Demo Application" */;
			buildPhases = (
				50F886F014CF427E007AEE2E /* Sources */,
				50F886F114CF427E007AEE2E /* Frameworks */,
				50F886F214CF427E007AEE2E /* Resources */,
			);
			buildRules = (
			);
			dependencies = (
				505B128414ED6627009D9769 /* PBXTargetDependency */,
			);
			name = "Demo Application";
			productName = BezierLab;
			productReference = 50F886F414CF427E007AEE2E /* Demo Application.app */;
			productType = "com.apple.product-type.application";
		};
/* End PBXNativeTarget section */

/* Begin PBXProject section */
		50F886EB14CF427E007AEE2E /* Project object */ = {
			isa = PBXProject;
			attributes = {
				LastUpgradeCheck = 0430;
			};
			buildConfigurationList = 50F886EE14CF427E007AEE2E /* Build configuration list for PBXProject "UnitedPaths" */;
			compatibilityVersion = "Xcode 3.2";
			developmentRegion = English;
			hasScannedForEncodings = 0;
			knownRegions = (
				en,
			);
			mainGroup = 50F886E914CF427E007AEE2E;
			productRefGroup = 50F886F514CF427E007AEE2E /* Products */;
			projectDirPath = "";
			projectRoot = "";
			targets = (
				50CA952014EBDC13000A3197 /* UnitedPaths */,
				50CA953114EBDC14000A3197 /* UnitedPathsTests */,
				50F886F314CF427E007AEE2E /* Demo Application */,
			);
		};
/* End PBXProject section */

/* Begin PBXResourcesBuildPhase section */
		50CA951F14EBDC13000A3197 /* Resources */ = {
			isa = PBXResourcesBuildPhase;
			buildActionMask = 2147483647;
			files = (
				50CA952814EBDC14000A3197 /* InfoPlist.strings in Resources */,
			);
			runOnlyForDeploymentPostprocessing = 0;
		};
		50CA952F14EBDC14000A3197 /* Resources */ = {
			isa = PBXResourcesBuildPhase;
			buildActionMask = 2147483647;
			files = (
				50CA953D14EBDC14000A3197 /* InfoPlist.strings in Resources */,
			);
			runOnlyForDeploymentPostprocessing = 0;
		};
		50F886F214CF427E007AEE2E /* Resources */ = {
			isa = PBXResourcesBuildPhase;
			buildActionMask = 2147483647;
			files = (
				50F8870314CF427E007AEE2E /* InfoPlist.strings in Resources */,
				50F8870914CF427E007AEE2E /* Credits.rtf in Resources */,
				50F8870F14CF427E007AEE2E /* FLDocument.xib in Resources */,
				50F8871214CF427F007AEE2E /* MainMenu.xib in Resources */,
			);
			runOnlyForDeploymentPostprocessing = 0;
		};
/* End PBXResourcesBuildPhase section */

/* Begin PBXShellScriptBuildPhase section */
		50CA953014EBDC14000A3197 /* ShellScript */ = {
			isa = PBXShellScriptBuildPhase;
			buildActionMask = 2147483647;
			files = (
			);
			inputPaths = (
			);
			outputPaths = (
			);
			runOnlyForDeploymentPostprocessing = 0;
			shellPath = /bin/sh;
			shellScript = "# Run the unit tests in this test bundle.\n\"${SYSTEM_DEVELOPER_DIR}/Tools/RunUnitTests\"\n";
		};
/* End PBXShellScriptBuildPhase section */

/* Begin PBXSourcesBuildPhase section */
		50CA951C14EBDC13000A3197 /* Sources */ = {
			isa = PBXSourcesBuildPhase;
			buildActionMask = 2147483647;
			files = (
				50CA954C14EBDC85000A3197 /* FLGeometry.m in Sources */,
				50CA954E14EBDC85000A3197 /* FLIntersection.m in Sources */,
				50CA955014EBDC85000A3197 /* FLPathSegment.m in Sources */,
				50CA955214EBDC85000A3197 /* NSArray+CreateDictionaryUsingBlock.m in Sources */,
				50CA955414EBDC85000A3197 /* NSBezierPath+BezierLabs.m in Sources */,
			);
			runOnlyForDeploymentPostprocessing = 0;
		};
		50CA952D14EBDC14000A3197 /* Sources */ = {
			isa = PBXSourcesBuildPhase;
			buildActionMask = 2147483647;
			files = (
				50CA955514EBDD6A000A3197 /* BezierLabTests.m in Sources */,
				50CA955614EBDD73000A3197 /* FLGeometryCurveSplitTest.m in Sources */,
				50CA955714EBDD8B000A3197 /* FLGeometryCurveToSegmentsTest.m in Sources */,
				50CA955814EBDD8B000A3197 /* FLGeometryHelpersTest.m in Sources */,
				50CA955914EBDD8B000A3197 /* FLGeometryLineCurveIntersectionTest.m in Sources */,
				50CA955A14EBDD8B000A3197 /* FLGeometryLineIntersectionTest.m in Sources */,
				50CA955B14EBDD8B000A3197 /* FLGeometryPathElementIntersectionsTest.m in Sources */,
				50CA955C14EBDD8B000A3197 /* FLIntersectionTest.m in Sources */,
				50CA955D14EBDD8B000A3197 /* FLPathSegmentBezierPathWithSegmentsTest.m in Sources */,
				50CA955E14EBDD8B000A3197 /* FLPathSegmentEqualityTest.m in Sources */,
				50CA955F14EBDD8B000A3197 /* FLPathSegmentIntersectionsTest.m in Sources */,
				50CA956014EBDD8B000A3197 /* FLPathSegmentMarkUnionOf.m in Sources */,
				50CA956114EBDD8B000A3197 /* FLPathSegmentReassemble.m in Sources */,
				50CA956214EBDD8B000A3197 /* FLPathSegmentResegmentTest.m in Sources */,
				50CA956314EBDD8B000A3197 /* NSArrayCreateDictionaryUsingBlockTest.m in Sources */,
				50CA956414EBDD8B000A3197 /* NSBezierPathAppendPathWithElementTest.m in Sources */,
				50CA956514EBDD8B000A3197 /* NSBezierPathBehaviorTest.m in Sources */,
				50CA956614EBDD8B000A3197 /* NSBezierPathEqualityTest.m in Sources */,
				50CA956714EBDD8B000A3197 /* NSBezierPathSegmentsTest.m in Sources */,
				50CA956814EBDD8B000A3197 /* NSValueWithPointBugTest.m in Sources */,
			);
			runOnlyForDeploymentPostprocessing = 0;
		};
		50F886F014CF427E007AEE2E /* Sources */ = {
			isa = PBXSourcesBuildPhase;
			buildActionMask = 2147483647;
			files = (
				50F8870514CF427E007AEE2E /* main.m in Sources */,
				50F8870C14CF427E007AEE2E /* FLDocument.m in Sources */,
				50F8873114CF4769007AEE2E /* FLCanvas.m in Sources */,
			);
			runOnlyForDeploymentPostprocessing = 0;
		};
/* End PBXSourcesBuildPhase section */

/* Begin PBXTargetDependency section */
		505B128414ED6627009D9769 /* PBXTargetDependency */ = {
			isa = PBXTargetDependency;
			target = 50CA952014EBDC13000A3197 /* UnitedPaths */;
			targetProxy = 505B128314ED6627009D9769 /* PBXContainerItemProxy */;
		};
		50CA953614EBDC14000A3197 /* PBXTargetDependency */ = {
			isa = PBXTargetDependency;
			target = 50CA952014EBDC13000A3197 /* UnitedPaths */;
			targetProxy = 50CA953514EBDC14000A3197 /* PBXContainerItemProxy */;
		};
/* End PBXTargetDependency section */

/* Begin PBXVariantGroup section */
		50CA952614EBDC14000A3197 /* InfoPlist.strings */ = {
			isa = PBXVariantGroup;
			children = (
				50CA952714EBDC14000A3197 /* en */,
			);
			name = InfoPlist.strings;
			sourceTree = "<group>";
		};
		50CA953B14EBDC14000A3197 /* InfoPlist.strings */ = {
			isa = PBXVariantGroup;
			children = (
				50CA953C14EBDC14000A3197 /* en */,
			);
			name = InfoPlist.strings;
			sourceTree = "<group>";
		};
		50F8870114CF427E007AEE2E /* InfoPlist.strings */ = {
			isa = PBXVariantGroup;
			children = (
				50F8870214CF427E007AEE2E /* en */,
			);
			name = InfoPlist.strings;
			sourceTree = "<group>";
		};
		50F8870714CF427E007AEE2E /* Credits.rtf */ = {
			isa = PBXVariantGroup;
			children = (
				50F8870814CF427E007AEE2E /* en */,
			);
			name = Credits.rtf;
			sourceTree = "<group>";
		};
		50F8870D14CF427E007AEE2E /* FLDocument.xib */ = {
			isa = PBXVariantGroup;
			children = (
				50F8870E14CF427E007AEE2E /* en */,
			);
			name = FLDocument.xib;
			sourceTree = "<group>";
		};
		50F8871014CF427F007AEE2E /* MainMenu.xib */ = {
			isa = PBXVariantGroup;
			children = (
				50F8871114CF427F007AEE2E /* en */,
			);
			name = MainMenu.xib;
			sourceTree = "<group>";
		};
/* End PBXVariantGroup section */

/* Begin XCBuildConfiguration section */
		50CA954114EBDC14000A3197 /* Debug */ = {
			isa = XCBuildConfiguration;
			buildSettings = {
				DYLIB_COMPATIBILITY_VERSION = 1;
				DYLIB_CURRENT_VERSION = 1;
				FRAMEWORK_VERSION = A;
				GCC_PRECOMPILE_PREFIX_HEADER = YES;
				GCC_PREFIX_HEADER = "UnitedPaths/UnitedPaths-Prefix.pch";
				INFOPLIST_FILE = "UnitedPaths/UnitedPaths-Info.plist";
				PRODUCT_NAME = "$(TARGET_NAME)";
				WRAPPER_EXTENSION = framework;
			};
			name = Debug;
		};
		50CA954214EBDC14000A3197 /* Release */ = {
			isa = XCBuildConfiguration;
			buildSettings = {
				DYLIB_COMPATIBILITY_VERSION = 1;
				DYLIB_CURRENT_VERSION = 1;
				FRAMEWORK_VERSION = A;
				GCC_PRECOMPILE_PREFIX_HEADER = YES;
				GCC_PREFIX_HEADER = "UnitedPaths/UnitedPaths-Prefix.pch";
				INFOPLIST_FILE = "UnitedPaths/UnitedPaths-Info.plist";
				PRODUCT_NAME = "$(TARGET_NAME)";
				WRAPPER_EXTENSION = framework;
			};
			name = Release;
		};
		50CA954314EBDC14000A3197 /* Debug */ = {
			isa = XCBuildConfiguration;
			buildSettings = {
				FRAMEWORK_SEARCH_PATHS = "$(DEVELOPER_LIBRARY_DIR)/Frameworks";
				GCC_PRECOMPILE_PREFIX_HEADER = YES;
				GCC_PREFIX_HEADER = "UnitedPaths/UnitedPaths-Prefix.pch";
				GCC_VERSION = com.apple.compilers.llvm.clang.1_0;
				INFOPLIST_FILE = "UnitedPathsTests/UnitedPathsTests-Info.plist";
				PRODUCT_NAME = "$(TARGET_NAME)";
				WRAPPER_EXTENSION = octest;
			};
			name = Debug;
		};
		50CA954414EBDC14000A3197 /* Release */ = {
			isa = XCBuildConfiguration;
			buildSettings = {
				FRAMEWORK_SEARCH_PATHS = "$(DEVELOPER_LIBRARY_DIR)/Frameworks";
				GCC_PRECOMPILE_PREFIX_HEADER = YES;
				GCC_PREFIX_HEADER = "UnitedPaths/UnitedPaths-Prefix.pch";
				GCC_VERSION = com.apple.compilers.llvm.clang.1_0;
				INFOPLIST_FILE = "UnitedPathsTests/UnitedPathsTests-Info.plist";
				PRODUCT_NAME = "$(TARGET_NAME)";
				WRAPPER_EXTENSION = octest;
			};
			name = Release;
		};
		50F8872714CF427F007AEE2E /* Debug */ = {
			isa = XCBuildConfiguration;
			buildSettings = {
				ALWAYS_SEARCH_USER_PATHS = NO;
				ARCHS = "$(ARCHS_STANDARD_64_BIT)";
				CLANG_ENABLE_OBJC_ARC = NO;
				COPY_PHASE_STRIP = NO;
				GCC_C_LANGUAGE_STANDARD = gnu99;
				GCC_DYNAMIC_NO_PIC = NO;
				GCC_ENABLE_OBJC_EXCEPTIONS = YES;
				GCC_ENABLE_OBJC_GC = supported;
				GCC_OPTIMIZATION_LEVEL = 0;
				GCC_PREPROCESSOR_DEFINITIONS = (
					"DEBUG=1",
					"$(inherited)",
				);
				GCC_SYMBOLS_PRIVATE_EXTERN = NO;
				GCC_VERSION = com.apple.compilers.llvm.clang.1_0;
				GCC_WARN_64_TO_32_BIT_CONVERSION = YES;
				GCC_WARN_ABOUT_MISSING_PROTOTYPES = YES;
				GCC_WARN_ABOUT_RETURN_TYPE = YES;
				GCC_WARN_UNUSED_VARIABLE = YES;
				MACOSX_DEPLOYMENT_TARGET = 10.6;
				ONLY_ACTIVE_ARCH = YES;
				SDKROOT = macosx;
			};
			name = Debug;
		};
		50F8872814CF427F007AEE2E /* Release */ = {
			isa = XCBuildConfiguration;
			buildSettings = {
				ALWAYS_SEARCH_USER_PATHS = NO;
				ARCHS = "$(ARCHS_STANDARD_64_BIT)";
				CLANG_ENABLE_OBJC_ARC = NO;
				COPY_PHASE_STRIP = YES;
				DEBUG_INFORMATION_FORMAT = "dwarf-with-dsym";
				GCC_C_LANGUAGE_STANDARD = gnu99;
				GCC_ENABLE_OBJC_EXCEPTIONS = YES;
				GCC_ENABLE_OBJC_GC = supported;
				GCC_VERSION = com.apple.compilers.llvm.clang.1_0;
				GCC_WARN_64_TO_32_BIT_CONVERSION = YES;
				GCC_WARN_ABOUT_MISSING_PROTOTYPES = YES;
				GCC_WARN_ABOUT_RETURN_TYPE = YES;
				GCC_WARN_UNUSED_VARIABLE = YES;
				MACOSX_DEPLOYMENT_TARGET = 10.6;
				SDKROOT = macosx;
			};
			name = Release;
		};
		50F8872A14CF427F007AEE2E /* Debug */ = {
			isa = XCBuildConfiguration;
			buildSettings = {
				GCC_PRECOMPILE_PREFIX_HEADER = YES;
				GCC_PREFIX_HEADER = "BezierLab/BezierLab-Prefix.pch";
				INFOPLIST_FILE = "BezierLab/UnitedPaths-Info.plist";
				PRODUCT_NAME = "$(TARGET_NAME)";
				WRAPPER_EXTENSION = app;
			};
			name = Debug;
		};
		50F8872B14CF427F007AEE2E /* Release */ = {
			isa = XCBuildConfiguration;
			buildSettings = {
				GCC_PRECOMPILE_PREFIX_HEADER = YES;
				GCC_PREFIX_HEADER = "BezierLab/BezierLab-Prefix.pch";
				INFOPLIST_FILE = "BezierLab/UnitedPaths-Info.plist";
				PRODUCT_NAME = "$(TARGET_NAME)";
				WRAPPER_EXTENSION = app;
			};
			name = Release;
		};
/* End XCBuildConfiguration section */

/* Begin XCConfigurationList section */
		50CA954514EBDC14000A3197 /* Build configuration list for PBXNativeTarget "UnitedPaths" */ = {
			isa = XCConfigurationList;
			buildConfigurations = (
				50CA954114EBDC14000A3197 /* Debug */,
				50CA954214EBDC14000A3197 /* Release */,
			);
			defaultConfigurationIsVisible = 0;
			defaultConfigurationName = Release;
		};
		50CA954614EBDC14000A3197 /* Build configuration list for PBXNativeTarget "UnitedPathsTests" */ = {
			isa = XCConfigurationList;
			buildConfigurations = (
				50CA954314EBDC14000A3197 /* Debug */,
				50CA954414EBDC14000A3197 /* Release */,
			);
			defaultConfigurationIsVisible = 0;
			defaultConfigurationName = Release;
		};
		50F886EE14CF427E007AEE2E /* Build configuration list for PBXProject "UnitedPaths" */ = {
			isa = XCConfigurationList;
			buildConfigurations = (
				50F8872714CF427F007AEE2E /* Debug */,
				50F8872814CF427F007AEE2E /* Release */,
			);
			defaultConfigurationIsVisible = 0;
			defaultConfigurationName = Release;
		};
		50F8872914CF427F007AEE2E /* Build configuration list for PBXNativeTarget "Demo Application" */ = {
			isa = XCConfigurationList;
			buildConfigurations = (
				50F8872A14CF427F007AEE2E /* Debug */,
				50F8872B14CF427F007AEE2E /* Release */,
			);
			defaultConfigurationIsVisible = 0;
			defaultConfigurationName = Release;
		};
/* End XCConfigurationList section */
	};
	rootObject = 50F886EB14CF427E007AEE2E /* Project object */;
}
