// !$*UTF8*$!
{
	archiveVersion = 1;
	classes = {
	};
	objectVersion = 46;
	objects = {

/* Begin PBXBuildFile section */
		500EBCEF14DC13F700F541D6 /* FLPathSegment.m in Sources */ = {isa = PBXBuildFile; fileRef = 500EBCEE14DC13F700F541D6 /* FLPathSegment.m */; };
		500EBCF414DC146700F541D6 /* FLIntersection.m in Sources */ = {isa = PBXBuildFile; fileRef = 500EBCF314DC146700F541D6 /* FLIntersection.m */; };
		500EBCF714DC19C600F541D6 /* FLPathSegmentResegmentTest.m in Sources */ = {isa = PBXBuildFile; fileRef = 500EBCF614DC19C600F541D6 /* FLPathSegmentResegmentTest.m */; };
		500EBCFA14DC207E00F541D6 /* NSBezierPathSegmentsTest.m in Sources */ = {isa = PBXBuildFile; fileRef = 500EBCF914DC207D00F541D6 /* NSBezierPathSegmentsTest.m */; };
		500EBCFD14DC275A00F541D6 /* FLPathSegmentEqualityTest.m in Sources */ = {isa = PBXBuildFile; fileRef = 500EBCFC14DC275A00F541D6 /* FLPathSegmentEqualityTest.m */; };
		500FCC0014D02BF700F8689C /* FLGeometry.m in Sources */ = {isa = PBXBuildFile; fileRef = 500FCBFF14D02BF700F8689C /* FLGeometry.m */; };
		500FCC0A14D02CFE00F8689C /* FLGeometryLineIntersectionTest.m in Sources */ = {isa = PBXBuildFile; fileRef = 500FCC0814D02CD600F8689C /* FLGeometryLineIntersectionTest.m */; };
		500FCC1514D0477A00F8689C /* FLGeometryCurveToSegmentsTest.m in Sources */ = {isa = PBXBuildFile; fileRef = 500FCC0C14D0445A00F8689C /* FLGeometryCurveToSegmentsTest.m */; };
		5015CB6014DAB5E500BE3345 /* NSBezierPath+BezierLabs.m in Sources */ = {isa = PBXBuildFile; fileRef = 5015CB5F14DAB5E500BE3345 /* NSBezierPath+BezierLabs.m */; };
		5047F4A414D198AB0068AFE4 /* FLGeometryPathElementIntersectionsTest.m in Sources */ = {isa = PBXBuildFile; fileRef = 5047F4A114D198910068AFE4 /* FLGeometryPathElementIntersectionsTest.m */; };
		505D876E14D2D24F0091BB4D /* FLGeometryCurveSplit.m in Sources */ = {isa = PBXBuildFile; fileRef = 505D876D14D2D24F0091BB4D /* FLGeometryCurveSplit.m */; };
		5078B1D014E110670034D155 /* NSArray+CreateDictionaryUsingBlock.m in Sources */ = {isa = PBXBuildFile; fileRef = 5078B1CF14E110670034D155 /* NSArray+CreateDictionaryUsingBlock.m */; };
		5078B1DB14E1163D0034D155 /* NSArrayCreateDictionaryUsingBlock.m in Sources */ = {isa = PBXBuildFile; fileRef = 5078B1DA14E1163D0034D155 /* NSArrayCreateDictionaryUsingBlock.m */; };
		5078B1E314E157340034D155 /* FLGeometryLineCurveIntersection.m in Sources */ = {isa = PBXBuildFile; fileRef = 5078B1E214E157340034D155 /* FLGeometryLineCurveIntersection.m */; };
		5090856714D492E300DF6565 /* (null) in Sources */ = {isa = PBXBuildFile; };
		50C36CB814DEAB4B00D1FC51 /* NSValueWithPointBugTest.m in Sources */ = {isa = PBXBuildFile; fileRef = 50C36CB714DEAB4B00D1FC51 /* NSValueWithPointBugTest.m */; };
		50C36CBC14DED08700D1FC51 /* FLPathSegmentIntersectionsTest.m in Sources */ = {isa = PBXBuildFile; fileRef = 50C36CBB14DED08700D1FC51 /* FLPathSegmentIntersectionsTest.m */; };
		50C36CBF14DED0F200D1FC51 /* FLGeometryHelpersTest.m in Sources */ = {isa = PBXBuildFile; fileRef = 50C36CBE14DED0F200D1FC51 /* FLGeometryHelpersTest.m */; };
		50F55FFD14DFCF4F0097425A /* FLIntersectionTest.m in Sources */ = {isa = PBXBuildFile; fileRef = 50F55FFC14DFCF4F0097425A /* FLIntersectionTest.m */; };
		50F886F914CF427E007AEE2E /* Cocoa.framework in Frameworks */ = {isa = PBXBuildFile; fileRef = 50F886F814CF427E007AEE2E /* Cocoa.framework */; };
		50F8870314CF427E007AEE2E /* InfoPlist.strings in Resources */ = {isa = PBXBuildFile; fileRef = 50F8870114CF427E007AEE2E /* InfoPlist.strings */; };
		50F8870514CF427E007AEE2E /* main.m in Sources */ = {isa = PBXBuildFile; fileRef = 50F8870414CF427E007AEE2E /* main.m */; };
		50F8870914CF427E007AEE2E /* Credits.rtf in Resources */ = {isa = PBXBuildFile; fileRef = 50F8870714CF427E007AEE2E /* Credits.rtf */; };
		50F8870C14CF427E007AEE2E /* FLDocument.m in Sources */ = {isa = PBXBuildFile; fileRef = 50F8870B14CF427E007AEE2E /* FLDocument.m */; };
		50F8870F14CF427E007AEE2E /* FLDocument.xib in Resources */ = {isa = PBXBuildFile; fileRef = 50F8870D14CF427E007AEE2E /* FLDocument.xib */; };
		50F8871214CF427F007AEE2E /* MainMenu.xib in Resources */ = {isa = PBXBuildFile; fileRef = 50F8871014CF427F007AEE2E /* MainMenu.xib */; };
		50F8871A14CF427F007AEE2E /* SenTestingKit.framework in Frameworks */ = {isa = PBXBuildFile; fileRef = 50F8871914CF427F007AEE2E /* SenTestingKit.framework */; };
		50F8871B14CF427F007AEE2E /* Cocoa.framework in Frameworks */ = {isa = PBXBuildFile; fileRef = 50F886F814CF427E007AEE2E /* Cocoa.framework */; };
		50F8872314CF427F007AEE2E /* InfoPlist.strings in Resources */ = {isa = PBXBuildFile; fileRef = 50F8872114CF427F007AEE2E /* InfoPlist.strings */; };
		50F8872614CF427F007AEE2E /* BezierLabTests.m in Sources */ = {isa = PBXBuildFile; fileRef = 50F8872514CF427F007AEE2E /* BezierLabTests.m */; };
		50F8873114CF4769007AEE2E /* FLCanvas.m in Sources */ = {isa = PBXBuildFile; fileRef = 50F8873014CF4769007AEE2E /* FLCanvas.m */; };
/* End PBXBuildFile section */

/* Begin PBXContainerItemProxy section */
		50F8871C14CF427F007AEE2E /* PBXContainerItemProxy */ = {
			isa = PBXContainerItemProxy;
			containerPortal = 50F886EB14CF427E007AEE2E /* Project object */;
			proxyType = 1;
			remoteGlobalIDString = 50F886F314CF427E007AEE2E;
			remoteInfo = BezierLab;
		};
/* End PBXContainerItemProxy section */

/* Begin PBXFileReference section */
		500EBCED14DC13F700F541D6 /* FLPathSegment.h */ = {isa = PBXFileReference; fileEncoding = 4; lastKnownFileType = sourcecode.c.h; path = FLPathSegment.h; sourceTree = "<group>"; };
		500EBCEE14DC13F700F541D6 /* FLPathSegment.m */ = {isa = PBXFileReference; fileEncoding = 4; lastKnownFileType = sourcecode.c.objc; path = FLPathSegment.m; sourceTree = "<group>"; };
		500EBCF214DC146700F541D6 /* FLIntersection.h */ = {isa = PBXFileReference; fileEncoding = 4; lastKnownFileType = sourcecode.c.h; path = FLIntersection.h; sourceTree = "<group>"; };
		500EBCF314DC146700F541D6 /* FLIntersection.m */ = {isa = PBXFileReference; fileEncoding = 4; lastKnownFileType = sourcecode.c.objc; path = FLIntersection.m; sourceTree = "<group>"; };
		500EBCF514DC19C600F541D6 /* FLPathSegmentResegmentTest.h */ = {isa = PBXFileReference; fileEncoding = 4; lastKnownFileType = sourcecode.c.h; path = FLPathSegmentResegmentTest.h; sourceTree = "<group>"; };
		500EBCF614DC19C600F541D6 /* FLPathSegmentResegmentTest.m */ = {isa = PBXFileReference; fileEncoding = 4; lastKnownFileType = sourcecode.c.objc; path = FLPathSegmentResegmentTest.m; sourceTree = "<group>"; };
		500EBCF814DC207D00F541D6 /* NSBezierPathSegmentsTest.h */ = {isa = PBXFileReference; fileEncoding = 4; lastKnownFileType = sourcecode.c.h; path = NSBezierPathSegmentsTest.h; sourceTree = "<group>"; };
		500EBCF914DC207D00F541D6 /* NSBezierPathSegmentsTest.m */ = {isa = PBXFileReference; fileEncoding = 4; lastKnownFileType = sourcecode.c.objc; path = NSBezierPathSegmentsTest.m; sourceTree = "<group>"; };
		500EBCFB14DC275A00F541D6 /* FLPathSegmentEqualityTest.h */ = {isa = PBXFileReference; fileEncoding = 4; lastKnownFileType = sourcecode.c.h; path = FLPathSegmentEqualityTest.h; sourceTree = "<group>"; };
		500EBCFC14DC275A00F541D6 /* FLPathSegmentEqualityTest.m */ = {isa = PBXFileReference; fileEncoding = 4; lastKnownFileType = sourcecode.c.objc; path = FLPathSegmentEqualityTest.m; sourceTree = "<group>"; };
		500FCBFE14D02BF700F8689C /* FLGeometry.h */ = {isa = PBXFileReference; fileEncoding = 4; lastKnownFileType = sourcecode.c.h; lineEnding = 0; path = FLGeometry.h; sourceTree = "<group>"; xcLanguageSpecificationIdentifier = xcode.lang.objcpp; };
		500FCBFF14D02BF700F8689C /* FLGeometry.m */ = {isa = PBXFileReference; fileEncoding = 4; lastKnownFileType = sourcecode.c.objc; lineEnding = 0; path = FLGeometry.m; sourceTree = "<group>"; xcLanguageSpecificationIdentifier = xcode.lang.objc; };
		500FCC0714D02CD600F8689C /* FLGeometryLineIntersectionTest.h */ = {isa = PBXFileReference; fileEncoding = 4; lastKnownFileType = sourcecode.c.h; path = FLGeometryLineIntersectionTest.h; sourceTree = "<group>"; };
		500FCC0814D02CD600F8689C /* FLGeometryLineIntersectionTest.m */ = {isa = PBXFileReference; fileEncoding = 4; lastKnownFileType = sourcecode.c.objc; path = FLGeometryLineIntersectionTest.m; sourceTree = "<group>"; };
		500FCC0B14D0445A00F8689C /* FLGeometryCurveToSegmentsTest.h */ = {isa = PBXFileReference; fileEncoding = 4; lastKnownFileType = sourcecode.c.h; path = FLGeometryCurveToSegmentsTest.h; sourceTree = "<group>"; };
		500FCC0C14D0445A00F8689C /* FLGeometryCurveToSegmentsTest.m */ = {isa = PBXFileReference; fileEncoding = 4; lastKnownFileType = sourcecode.c.objc; path = FLGeometryCurveToSegmentsTest.m; sourceTree = "<group>"; };
		5015CB5E14DAB5E500BE3345 /* NSBezierPath+BezierLabs.h */ = {isa = PBXFileReference; fileEncoding = 4; lastKnownFileType = sourcecode.c.h; path = "NSBezierPath+BezierLabs.h"; sourceTree = "<group>"; };
		5015CB5F14DAB5E500BE3345 /* NSBezierPath+BezierLabs.m */ = {isa = PBXFileReference; fileEncoding = 4; lastKnownFileType = sourcecode.c.objc; path = "NSBezierPath+BezierLabs.m"; sourceTree = "<group>"; };
		5047F4A014D198910068AFE4 /* FLGeometryPathElementIntersectionsTest.h */ = {isa = PBXFileReference; fileEncoding = 4; lastKnownFileType = sourcecode.c.h; path = FLGeometryPathElementIntersectionsTest.h; sourceTree = "<group>"; };
		5047F4A114D198910068AFE4 /* FLGeometryPathElementIntersectionsTest.m */ = {isa = PBXFileReference; fileEncoding = 4; lastKnownFileType = sourcecode.c.objc; path = FLGeometryPathElementIntersectionsTest.m; sourceTree = "<group>"; };
		505D876C14D2D24F0091BB4D /* FLGeometryCurveSplit.h */ = {isa = PBXFileReference; fileEncoding = 4; lastKnownFileType = sourcecode.c.h; path = FLGeometryCurveSplit.h; sourceTree = "<group>"; };
		505D876D14D2D24F0091BB4D /* FLGeometryCurveSplit.m */ = {isa = PBXFileReference; fileEncoding = 4; lastKnownFileType = sourcecode.c.objc; path = FLGeometryCurveSplit.m; sourceTree = "<group>"; };
		5078B1CE14E110670034D155 /* NSArray+CreateDictionaryUsingBlock.h */ = {isa = PBXFileReference; fileEncoding = 4; lastKnownFileType = sourcecode.c.h; path = "NSArray+CreateDictionaryUsingBlock.h"; sourceTree = "<group>"; };
		5078B1CF14E110670034D155 /* NSArray+CreateDictionaryUsingBlock.m */ = {isa = PBXFileReference; fileEncoding = 4; lastKnownFileType = sourcecode.c.objc; path = "NSArray+CreateDictionaryUsingBlock.m"; sourceTree = "<group>"; };
		5078B1D914E1163D0034D155 /* NSArrayCreateDictionaryUsingBlock.h */ = {isa = PBXFileReference; fileEncoding = 4; lastKnownFileType = sourcecode.c.h; path = NSArrayCreateDictionaryUsingBlock.h; sourceTree = "<group>"; };
		5078B1DA14E1163D0034D155 /* NSArrayCreateDictionaryUsingBlock.m */ = {isa = PBXFileReference; fileEncoding = 4; lastKnownFileType = sourcecode.c.objc; path = NSArrayCreateDictionaryUsingBlock.m; sourceTree = "<group>"; };
		5078B1E114E157340034D155 /* FLGeometryLineCurveIntersection.h */ = {isa = PBXFileReference; fileEncoding = 4; lastKnownFileType = sourcecode.c.h; path = FLGeometryLineCurveIntersection.h; sourceTree = "<group>"; };
		5078B1E214E157340034D155 /* FLGeometryLineCurveIntersection.m */ = {isa = PBXFileReference; fileEncoding = 4; lastKnownFileType = sourcecode.c.objc; path = FLGeometryLineCurveIntersection.m; sourceTree = "<group>"; };
		50C36CB614DEAB4B00D1FC51 /* NSValueWithPointBugTest.h */ = {isa = PBXFileReference; fileEncoding = 4; lastKnownFileType = sourcecode.c.h; path = NSValueWithPointBugTest.h; sourceTree = "<group>"; };
		50C36CB714DEAB4B00D1FC51 /* NSValueWithPointBugTest.m */ = {isa = PBXFileReference; fileEncoding = 4; lastKnownFileType = sourcecode.c.objc; path = NSValueWithPointBugTest.m; sourceTree = "<group>"; };
		50C36CBA14DED08700D1FC51 /* FLPathSegmentIntersectionsTest.h */ = {isa = PBXFileReference; fileEncoding = 4; lastKnownFileType = sourcecode.c.h; path = FLPathSegmentIntersectionsTest.h; sourceTree = "<group>"; };
		50C36CBB14DED08700D1FC51 /* FLPathSegmentIntersectionsTest.m */ = {isa = PBXFileReference; fileEncoding = 4; lastKnownFileType = sourcecode.c.objc; path = FLPathSegmentIntersectionsTest.m; sourceTree = "<group>"; };
		50C36CBD14DED0F200D1FC51 /* FLGeometryHelpersTest.h */ = {isa = PBXFileReference; fileEncoding = 4; lastKnownFileType = sourcecode.c.h; path = FLGeometryHelpersTest.h; sourceTree = "<group>"; };
		50C36CBE14DED0F200D1FC51 /* FLGeometryHelpersTest.m */ = {isa = PBXFileReference; fileEncoding = 4; lastKnownFileType = sourcecode.c.objc; path = FLGeometryHelpersTest.m; sourceTree = "<group>"; };
		50F55FF914DFC3DE0097425A /* TestHelper.h */ = {isa = PBXFileReference; fileEncoding = 4; lastKnownFileType = sourcecode.c.h; path = TestHelper.h; sourceTree = "<group>"; };
		50F55FFB14DFCF4F0097425A /* FLIntersectionTest.h */ = {isa = PBXFileReference; fileEncoding = 4; lastKnownFileType = sourcecode.c.h; path = FLIntersectionTest.h; sourceTree = "<group>"; };
		50F55FFC14DFCF4F0097425A /* FLIntersectionTest.m */ = {isa = PBXFileReference; fileEncoding = 4; lastKnownFileType = sourcecode.c.objc; path = FLIntersectionTest.m; sourceTree = "<group>"; };
		50F886F414CF427E007AEE2E /* BezierLab.app */ = {isa = PBXFileReference; explicitFileType = wrapper.application; includeInIndex = 0; path = BezierLab.app; sourceTree = BUILT_PRODUCTS_DIR; };
		50F886F814CF427E007AEE2E /* Cocoa.framework */ = {isa = PBXFileReference; lastKnownFileType = wrapper.framework; name = Cocoa.framework; path = System/Library/Frameworks/Cocoa.framework; sourceTree = SDKROOT; };
		50F886FB14CF427E007AEE2E /* AppKit.framework */ = {isa = PBXFileReference; lastKnownFileType = wrapper.framework; name = AppKit.framework; path = System/Library/Frameworks/AppKit.framework; sourceTree = SDKROOT; };
		50F886FC14CF427E007AEE2E /* CoreData.framework */ = {isa = PBXFileReference; lastKnownFileType = wrapper.framework; name = CoreData.framework; path = System/Library/Frameworks/CoreData.framework; sourceTree = SDKROOT; };
		50F886FD14CF427E007AEE2E /* Foundation.framework */ = {isa = PBXFileReference; lastKnownFileType = wrapper.framework; name = Foundation.framework; path = System/Library/Frameworks/Foundation.framework; sourceTree = SDKROOT; };
		50F8870014CF427E007AEE2E /* BezierLab-Info.plist */ = {isa = PBXFileReference; lastKnownFileType = text.plist.xml; path = "BezierLab-Info.plist"; sourceTree = "<group>"; };
		50F8870214CF427E007AEE2E /* en */ = {isa = PBXFileReference; lastKnownFileType = text.plist.strings; name = en; path = en.lproj/InfoPlist.strings; sourceTree = "<group>"; };
		50F8870414CF427E007AEE2E /* main.m */ = {isa = PBXFileReference; lastKnownFileType = sourcecode.c.objc; path = main.m; sourceTree = "<group>"; };
		50F8870614CF427E007AEE2E /* BezierLab-Prefix.pch */ = {isa = PBXFileReference; lastKnownFileType = sourcecode.c.h; path = "BezierLab-Prefix.pch"; sourceTree = "<group>"; };
		50F8870814CF427E007AEE2E /* en */ = {isa = PBXFileReference; lastKnownFileType = text.rtf; name = en; path = en.lproj/Credits.rtf; sourceTree = "<group>"; };
		50F8870A14CF427E007AEE2E /* FLDocument.h */ = {isa = PBXFileReference; lastKnownFileType = sourcecode.c.h; path = FLDocument.h; sourceTree = "<group>"; };
		50F8870B14CF427E007AEE2E /* FLDocument.m */ = {isa = PBXFileReference; lastKnownFileType = sourcecode.c.objc; path = FLDocument.m; sourceTree = "<group>"; };
		50F8870E14CF427E007AEE2E /* en */ = {isa = PBXFileReference; lastKnownFileType = file.xib; name = en; path = en.lproj/FLDocument.xib; sourceTree = "<group>"; };
		50F8871114CF427F007AEE2E /* en */ = {isa = PBXFileReference; lastKnownFileType = file.xib; name = en; path = en.lproj/MainMenu.xib; sourceTree = "<group>"; };
		50F8871814CF427F007AEE2E /* BezierLabTests.octest */ = {isa = PBXFileReference; explicitFileType = wrapper.cfbundle; includeInIndex = 0; path = BezierLabTests.octest; sourceTree = BUILT_PRODUCTS_DIR; };
		50F8871914CF427F007AEE2E /* SenTestingKit.framework */ = {isa = PBXFileReference; lastKnownFileType = wrapper.framework; name = SenTestingKit.framework; path = Library/Frameworks/SenTestingKit.framework; sourceTree = DEVELOPER_DIR; };
		50F8872014CF427F007AEE2E /* BezierLabTests-Info.plist */ = {isa = PBXFileReference; lastKnownFileType = text.plist.xml; path = "BezierLabTests-Info.plist"; sourceTree = "<group>"; };
		50F8872214CF427F007AEE2E /* en */ = {isa = PBXFileReference; lastKnownFileType = text.plist.strings; name = en; path = en.lproj/InfoPlist.strings; sourceTree = "<group>"; };
		50F8872414CF427F007AEE2E /* BezierLabTests.h */ = {isa = PBXFileReference; lastKnownFileType = sourcecode.c.h; path = BezierLabTests.h; sourceTree = "<group>"; };
		50F8872514CF427F007AEE2E /* BezierLabTests.m */ = {isa = PBXFileReference; lastKnownFileType = sourcecode.c.objc; path = BezierLabTests.m; sourceTree = "<group>"; };
		50F8872F14CF4769007AEE2E /* FLCanvas.h */ = {isa = PBXFileReference; fileEncoding = 4; lastKnownFileType = sourcecode.c.h; path = FLCanvas.h; sourceTree = "<group>"; };
		50F8873014CF4769007AEE2E /* FLCanvas.m */ = {isa = PBXFileReference; fileEncoding = 4; lastKnownFileType = sourcecode.c.objc; path = FLCanvas.m; sourceTree = "<group>"; };
/* End PBXFileReference section */

/* Begin PBXFrameworksBuildPhase section */
		50F886F114CF427E007AEE2E /* Frameworks */ = {
			isa = PBXFrameworksBuildPhase;
			buildActionMask = 2147483647;
			files = (
				50F886F914CF427E007AEE2E /* Cocoa.framework in Frameworks */,
			);
			runOnlyForDeploymentPostprocessing = 0;
		};
		50F8871414CF427F007AEE2E /* Frameworks */ = {
			isa = PBXFrameworksBuildPhase;
			buildActionMask = 2147483647;
			files = (
				50F8871A14CF427F007AEE2E /* SenTestingKit.framework in Frameworks */,
				50F8871B14CF427F007AEE2E /* Cocoa.framework in Frameworks */,
			);
			runOnlyForDeploymentPostprocessing = 0;
		};
/* End PBXFrameworksBuildPhase section */

/* Begin PBXGroup section */
		500EBCF114DC141500F541D6 /* Classes */ = {
			isa = PBXGroup;
			children = (
				50F8872F14CF4769007AEE2E /* FLCanvas.h */,
				50F8873014CF4769007AEE2E /* FLCanvas.m */,
				50F8870A14CF427E007AEE2E /* FLDocument.h */,
				50F8870B14CF427E007AEE2E /* FLDocument.m */,
				500FCBFE14D02BF700F8689C /* FLGeometry.h */,
				500FCBFF14D02BF700F8689C /* FLGeometry.m */,
				500EBCF214DC146700F541D6 /* FLIntersection.h */,
				500EBCF314DC146700F541D6 /* FLIntersection.m */,
				500EBCED14DC13F700F541D6 /* FLPathSegment.h */,
				500EBCEE14DC13F700F541D6 /* FLPathSegment.m */,
				5078B1CE14E110670034D155 /* NSArray+CreateDictionaryUsingBlock.h */,
				5078B1CF14E110670034D155 /* NSArray+CreateDictionaryUsingBlock.m */,
				5015CB5E14DAB5E500BE3345 /* NSBezierPath+BezierLabs.h */,
				5015CB5F14DAB5E500BE3345 /* NSBezierPath+BezierLabs.m */,
			);
			name = Classes;
			sourceTree = "<group>";
		};
		500EBCFE14DC4CA800F541D6 /* Tests */ = {
			isa = PBXGroup;
			children = (
				50F8872414CF427F007AEE2E /* BezierLabTests.h */,
				50F8872514CF427F007AEE2E /* BezierLabTests.m */,
				505D876C14D2D24F0091BB4D /* FLGeometryCurveSplit.h */,
				505D876D14D2D24F0091BB4D /* FLGeometryCurveSplit.m */,
				500FCC0B14D0445A00F8689C /* FLGeometryCurveToSegmentsTest.h */,
				500FCC0C14D0445A00F8689C /* FLGeometryCurveToSegmentsTest.m */,
				50C36CBD14DED0F200D1FC51 /* FLGeometryHelpersTest.h */,
				50C36CBE14DED0F200D1FC51 /* FLGeometryHelpersTest.m */,
				5078B1E114E157340034D155 /* FLGeometryLineCurveIntersection.h */,
				5078B1E214E157340034D155 /* FLGeometryLineCurveIntersection.m */,
				500FCC0714D02CD600F8689C /* FLGeometryLineIntersectionTest.h */,
				500FCC0814D02CD600F8689C /* FLGeometryLineIntersectionTest.m */,
				5047F4A014D198910068AFE4 /* FLGeometryPathElementIntersectionsTest.h */,
				5047F4A114D198910068AFE4 /* FLGeometryPathElementIntersectionsTest.m */,
				50F55FFB14DFCF4F0097425A /* FLIntersectionTest.h */,
				50F55FFC14DFCF4F0097425A /* FLIntersectionTest.m */,
				500EBCFB14DC275A00F541D6 /* FLPathSegmentEqualityTest.h */,
				500EBCFC14DC275A00F541D6 /* FLPathSegmentEqualityTest.m */,
				50C36CBA14DED08700D1FC51 /* FLPathSegmentIntersectionsTest.h */,
				50C36CBB14DED08700D1FC51 /* FLPathSegmentIntersectionsTest.m */,
				500EBCF514DC19C600F541D6 /* FLPathSegmentResegmentTest.h */,
				500EBCF614DC19C600F541D6 /* FLPathSegmentResegmentTest.m */,
				5078B1D914E1163D0034D155 /* NSArrayCreateDictionaryUsingBlock.h */,
				5078B1DA14E1163D0034D155 /* NSArrayCreateDictionaryUsingBlock.m */,
				500EBCF814DC207D00F541D6 /* NSBezierPathSegmentsTest.h */,
				500EBCF914DC207D00F541D6 /* NSBezierPathSegmentsTest.m */,
				50C36CB614DEAB4B00D1FC51 /* NSValueWithPointBugTest.h */,
				50C36CB714DEAB4B00D1FC51 /* NSValueWithPointBugTest.m */,
				50F55FF914DFC3DE0097425A /* TestHelper.h */,
			);
			name = Tests;
			sourceTree = "<group>";
		};
		50F886E914CF427E007AEE2E = {
			isa = PBXGroup;
			children = (
				50F886FE14CF427E007AEE2E /* BezierLab */,
				50F8871E14CF427F007AEE2E /* BezierLabTests */,
				50F886F714CF427E007AEE2E /* Frameworks */,
				50F886F514CF427E007AEE2E /* Products */,
			);
			sourceTree = "<group>";
		};
		50F886F514CF427E007AEE2E /* Products */ = {
			isa = PBXGroup;
			children = (
				50F886F414CF427E007AEE2E /* BezierLab.app */,
				50F8871814CF427F007AEE2E /* BezierLabTests.octest */,
			);
			name = Products;
			sourceTree = "<group>";
		};
		50F886F714CF427E007AEE2E /* Frameworks */ = {
			isa = PBXGroup;
			children = (
				50F886F814CF427E007AEE2E /* Cocoa.framework */,
				50F8871914CF427F007AEE2E /* SenTestingKit.framework */,
				50F886FA14CF427E007AEE2E /* Other Frameworks */,
			);
			name = Frameworks;
			sourceTree = "<group>";
		};
		50F886FA14CF427E007AEE2E /* Other Frameworks */ = {
			isa = PBXGroup;
			children = (
				50F886FB14CF427E007AEE2E /* AppKit.framework */,
				50F886FC14CF427E007AEE2E /* CoreData.framework */,
				50F886FD14CF427E007AEE2E /* Foundation.framework */,
			);
			name = "Other Frameworks";
			sourceTree = "<group>";
		};
		50F886FE14CF427E007AEE2E /* BezierLab */ = {
			isa = PBXGroup;
			children = (
				500EBCF114DC141500F541D6 /* Classes */,
				50F8870D14CF427E007AEE2E /* FLDocument.xib */,
				50F8871014CF427F007AEE2E /* MainMenu.xib */,
				50F886FF14CF427E007AEE2E /* Supporting Files */,
			);
			path = BezierLab;
			sourceTree = "<group>";
		};
		50F886FF14CF427E007AEE2E /* Supporting Files */ = {
			isa = PBXGroup;
			children = (
				50F8870014CF427E007AEE2E /* BezierLab-Info.plist */,
				50F8870114CF427E007AEE2E /* InfoPlist.strings */,
				50F8870414CF427E007AEE2E /* main.m */,
				50F8870614CF427E007AEE2E /* BezierLab-Prefix.pch */,
				50F8870714CF427E007AEE2E /* Credits.rtf */,
			);
			name = "Supporting Files";
			sourceTree = "<group>";
		};
		50F8871E14CF427F007AEE2E /* BezierLabTests */ = {
			isa = PBXGroup;
			children = (
				500EBCFE14DC4CA800F541D6 /* Tests */,
				50F8871F14CF427F007AEE2E /* Supporting Files */,
			);
			path = BezierLabTests;
			sourceTree = "<group>";
		};
		50F8871F14CF427F007AEE2E /* Supporting Files */ = {
			isa = PBXGroup;
			children = (
				50F8872014CF427F007AEE2E /* BezierLabTests-Info.plist */,
				50F8872114CF427F007AEE2E /* InfoPlist.strings */,
			);
			name = "Supporting Files";
			sourceTree = "<group>";
		};
/* End PBXGroup section */

/* Begin PBXNativeTarget section */
		50F886F314CF427E007AEE2E /* BezierLab */ = {
			isa = PBXNativeTarget;
			buildConfigurationList = 50F8872914CF427F007AEE2E /* Build configuration list for PBXNativeTarget "BezierLab" */;
			buildPhases = (
				50F886F014CF427E007AEE2E /* Sources */,
				50F886F114CF427E007AEE2E /* Frameworks */,
				50F886F214CF427E007AEE2E /* Resources */,
			);
			buildRules = (
			);
			dependencies = (
			);
			name = BezierLab;
			productName = BezierLab;
			productReference = 50F886F414CF427E007AEE2E /* BezierLab.app */;
			productType = "com.apple.product-type.application";
		};
		50F8871714CF427F007AEE2E /* BezierLabTests */ = {
			isa = PBXNativeTarget;
			buildConfigurationList = 50F8872C14CF427F007AEE2E /* Build configuration list for PBXNativeTarget "BezierLabTests" */;
			buildPhases = (
				50F8871314CF427F007AEE2E /* Sources */,
				50F8871414CF427F007AEE2E /* Frameworks */,
				50F8871514CF427F007AEE2E /* Resources */,
				50F8871614CF427F007AEE2E /* ShellScript */,
			);
			buildRules = (
			);
			dependencies = (
				50F8871D14CF427F007AEE2E /* PBXTargetDependency */,
			);
			name = BezierLabTests;
			productName = BezierLabTests;
			productReference = 50F8871814CF427F007AEE2E /* BezierLabTests.octest */;
			productType = "com.apple.product-type.bundle";
		};
/* End PBXNativeTarget section */

/* Begin PBXProject section */
		50F886EB14CF427E007AEE2E /* Project object */ = {
			isa = PBXProject;
			attributes = {
				LastUpgradeCheck = 0420;
			};
			buildConfigurationList = 50F886EE14CF427E007AEE2E /* Build configuration list for PBXProject "BezierLab" */;
			compatibilityVersion = "Xcode 3.2";
			developmentRegion = English;
			hasScannedForEncodings = 0;
			knownRegions = (
				en,
			);
			mainGroup = 50F886E914CF427E007AEE2E;
			productRefGroup = 50F886F514CF427E007AEE2E /* Products */;
			projectDirPath = "";
			projectRoot = "";
			targets = (
				50F886F314CF427E007AEE2E /* BezierLab */,
				50F8871714CF427F007AEE2E /* BezierLabTests */,
			);
		};
/* End PBXProject section */

/* Begin PBXResourcesBuildPhase section */
		50F886F214CF427E007AEE2E /* Resources */ = {
			isa = PBXResourcesBuildPhase;
			buildActionMask = 2147483647;
			files = (
				50F8870314CF427E007AEE2E /* InfoPlist.strings in Resources */,
				50F8870914CF427E007AEE2E /* Credits.rtf in Resources */,
				50F8870F14CF427E007AEE2E /* FLDocument.xib in Resources */,
				50F8871214CF427F007AEE2E /* MainMenu.xib in Resources */,
			);
			runOnlyForDeploymentPostprocessing = 0;
		};
		50F8871514CF427F007AEE2E /* Resources */ = {
			isa = PBXResourcesBuildPhase;
			buildActionMask = 2147483647;
			files = (
				50F8872314CF427F007AEE2E /* InfoPlist.strings in Resources */,
			);
			runOnlyForDeploymentPostprocessing = 0;
		};
/* End PBXResourcesBuildPhase section */

/* Begin PBXShellScriptBuildPhase section */
		50F8871614CF427F007AEE2E /* ShellScript */ = {
			isa = PBXShellScriptBuildPhase;
			buildActionMask = 2147483647;
			files = (
			);
			inputPaths = (
			);
			outputPaths = (
			);
			runOnlyForDeploymentPostprocessing = 0;
			shellPath = /bin/sh;
			shellScript = "# Run the unit tests in this test bundle.\n\"${SYSTEM_DEVELOPER_DIR}/Tools/RunUnitTests\"\n";
		};
/* End PBXShellScriptBuildPhase section */

/* Begin PBXSourcesBuildPhase section */
		50F886F014CF427E007AEE2E /* Sources */ = {
			isa = PBXSourcesBuildPhase;
			buildActionMask = 2147483647;
			files = (
				50F8870514CF427E007AEE2E /* main.m in Sources */,
				50F8870C14CF427E007AEE2E /* FLDocument.m in Sources */,
				50F8873114CF4769007AEE2E /* FLCanvas.m in Sources */,
				500FCC0014D02BF700F8689C /* FLGeometry.m in Sources */,
				5090856714D492E300DF6565 /* (null) in Sources */,
				5015CB6014DAB5E500BE3345 /* NSBezierPath+BezierLabs.m in Sources */,
				500EBCEF14DC13F700F541D6 /* FLPathSegment.m in Sources */,
				500EBCF414DC146700F541D6 /* FLIntersection.m in Sources */,
				5078B1D014E110670034D155 /* NSArray+CreateDictionaryUsingBlock.m in Sources */,
			);
			runOnlyForDeploymentPostprocessing = 0;
		};
		50F8871314CF427F007AEE2E /* Sources */ = {
			isa = PBXSourcesBuildPhase;
			buildActionMask = 2147483647;
			files = (
				50F8872614CF427F007AEE2E /* BezierLabTests.m in Sources */,
				500FCC0A14D02CFE00F8689C /* FLGeometryLineIntersectionTest.m in Sources */,
				500FCC1514D0477A00F8689C /* FLGeometryCurveToSegmentsTest.m in Sources */,
				5047F4A414D198AB0068AFE4 /* FLGeometryPathElementIntersectionsTest.m in Sources */,
				505D876E14D2D24F0091BB4D /* FLGeometryCurveSplit.m in Sources */,
				500EBCF714DC19C600F541D6 /* FLPathSegmentResegmentTest.m in Sources */,
				500EBCFA14DC207E00F541D6 /* NSBezierPathSegmentsTest.m in Sources */,
				500EBCFD14DC275A00F541D6 /* FLPathSegmentEqualityTest.m in Sources */,
				50C36CB814DEAB4B00D1FC51 /* NSValueWithPointBugTest.m in Sources */,
				50C36CBC14DED08700D1FC51 /* FLPathSegmentIntersectionsTest.m in Sources */,
				50C36CBF14DED0F200D1FC51 /* FLGeometryHelpersTest.m in Sources */,
				50F55FFD14DFCF4F0097425A /* FLIntersectionTest.m in Sources */,
				5078B1DB14E1163D0034D155 /* NSArrayCreateDictionaryUsingBlock.m in Sources */,
				5078B1E314E157340034D155 /* FLGeometryLineCurveIntersection.m in Sources */,
			);
			runOnlyForDeploymentPostprocessing = 0;
		};
/* End PBXSourcesBuildPhase section */

/* Begin PBXTargetDependency section */
		50F8871D14CF427F007AEE2E /* PBXTargetDependency */ = {
			isa = PBXTargetDependency;
			target = 50F886F314CF427E007AEE2E /* BezierLab */;
			targetProxy = 50F8871C14CF427F007AEE2E /* PBXContainerItemProxy */;
		};
/* End PBXTargetDependency section */

/* Begin PBXVariantGroup section */
		50F8870114CF427E007AEE2E /* InfoPlist.strings */ = {
			isa = PBXVariantGroup;
			children = (
				50F8870214CF427E007AEE2E /* en */,
			);
			name = InfoPlist.strings;
			sourceTree = "<group>";
		};
		50F8870714CF427E007AEE2E /* Credits.rtf */ = {
			isa = PBXVariantGroup;
			children = (
				50F8870814CF427E007AEE2E /* en */,
			);
			name = Credits.rtf;
			sourceTree = "<group>";
		};
		50F8870D14CF427E007AEE2E /* FLDocument.xib */ = {
			isa = PBXVariantGroup;
			children = (
				50F8870E14CF427E007AEE2E /* en */,
			);
			name = FLDocument.xib;
			sourceTree = "<group>";
		};
		50F8871014CF427F007AEE2E /* MainMenu.xib */ = {
			isa = PBXVariantGroup;
			children = (
				50F8871114CF427F007AEE2E /* en */,
			);
			name = MainMenu.xib;
			sourceTree = "<group>";
		};
		50F8872114CF427F007AEE2E /* InfoPlist.strings */ = {
			isa = PBXVariantGroup;
			children = (
				50F8872214CF427F007AEE2E /* en */,
			);
			name = InfoPlist.strings;
			sourceTree = "<group>";
		};
/* End PBXVariantGroup section */

/* Begin XCBuildConfiguration section */
		50F8872714CF427F007AEE2E /* Debug */ = {
			isa = XCBuildConfiguration;
			buildSettings = {
				ALWAYS_SEARCH_USER_PATHS = NO;
				ARCHS = "$(ARCHS_STANDARD_64_BIT)";
				CLANG_ENABLE_OBJC_ARC = YES;
				COPY_PHASE_STRIP = NO;
				GCC_C_LANGUAGE_STANDARD = gnu99;
				GCC_DYNAMIC_NO_PIC = NO;
				GCC_ENABLE_OBJC_EXCEPTIONS = YES;
				GCC_OPTIMIZATION_LEVEL = 0;
				GCC_PREPROCESSOR_DEFINITIONS = (
					"DEBUG=1",
					"$(inherited)",
				);
				GCC_SYMBOLS_PRIVATE_EXTERN = NO;
				GCC_VERSION = com.apple.compilers.llvm.clang.1_0;
				GCC_WARN_64_TO_32_BIT_CONVERSION = YES;
				GCC_WARN_ABOUT_MISSING_PROTOTYPES = YES;
				GCC_WARN_ABOUT_RETURN_TYPE = YES;
				GCC_WARN_UNUSED_VARIABLE = YES;
				MACOSX_DEPLOYMENT_TARGET = 10.7;
				ONLY_ACTIVE_ARCH = YES;
				SDKROOT = macosx;
			};
			name = Debug;
		};
		50F8872814CF427F007AEE2E /* Release */ = {
			isa = XCBuildConfiguration;
			buildSettings = {
				ALWAYS_SEARCH_USER_PATHS = NO;
				ARCHS = "$(ARCHS_STANDARD_64_BIT)";
				CLANG_ENABLE_OBJC_ARC = YES;
				COPY_PHASE_STRIP = YES;
				DEBUG_INFORMATION_FORMAT = "dwarf-with-dsym";
				GCC_C_LANGUAGE_STANDARD = gnu99;
				GCC_ENABLE_OBJC_EXCEPTIONS = YES;
				GCC_VERSION = com.apple.compilers.llvm.clang.1_0;
				GCC_WARN_64_TO_32_BIT_CONVERSION = YES;
				GCC_WARN_ABOUT_MISSING_PROTOTYPES = YES;
				GCC_WARN_ABOUT_RETURN_TYPE = YES;
				GCC_WARN_UNUSED_VARIABLE = YES;
				MACOSX_DEPLOYMENT_TARGET = 10.7;
				SDKROOT = macosx;
			};
			name = Release;
		};
		50F8872A14CF427F007AEE2E /* Debug */ = {
			isa = XCBuildConfiguration;
			buildSettings = {
				GCC_PRECOMPILE_PREFIX_HEADER = YES;
				GCC_PREFIX_HEADER = "BezierLab/BezierLab-Prefix.pch";
				INFOPLIST_FILE = "BezierLab/BezierLab-Info.plist";
				PRODUCT_NAME = "$(TARGET_NAME)";
				WRAPPER_EXTENSION = app;
			};
			name = Debug;
		};
		50F8872B14CF427F007AEE2E /* Release */ = {
			isa = XCBuildConfiguration;
			buildSettings = {
				GCC_PRECOMPILE_PREFIX_HEADER = YES;
				GCC_PREFIX_HEADER = "BezierLab/BezierLab-Prefix.pch";
				INFOPLIST_FILE = "BezierLab/BezierLab-Info.plist";
				PRODUCT_NAME = "$(TARGET_NAME)";
				WRAPPER_EXTENSION = app;
			};
			name = Release;
		};
		50F8872D14CF427F007AEE2E /* Debug */ = {
			isa = XCBuildConfiguration;
			buildSettings = {
				BUNDLE_LOADER = "$(BUILT_PRODUCTS_DIR)/BezierLab.app/Contents/MacOS/BezierLab";
				FRAMEWORK_SEARCH_PATHS = "$(DEVELOPER_LIBRARY_DIR)/Frameworks";
				GCC_PRECOMPILE_PREFIX_HEADER = YES;
				GCC_PREFIX_HEADER = "BezierLab/BezierLab-Prefix.pch";
				INFOPLIST_FILE = "BezierLabTests/BezierLabTests-Info.plist";
				PRODUCT_NAME = "$(TARGET_NAME)";
				TEST_HOST = "$(BUNDLE_LOADER)";
				WRAPPER_EXTENSION = octest;
			};
			name = Debug;
		};
		50F8872E14CF427F007AEE2E /* Release */ = {
			isa = XCBuildConfiguration;
			buildSettings = {
				BUNDLE_LOADER = "$(BUILT_PRODUCTS_DIR)/BezierLab.app/Contents/MacOS/BezierLab";
				FRAMEWORK_SEARCH_PATHS = "$(DEVELOPER_LIBRARY_DIR)/Frameworks";
				GCC_PRECOMPILE_PREFIX_HEADER = YES;
				GCC_PREFIX_HEADER = "BezierLab/BezierLab-Prefix.pch";
				INFOPLIST_FILE = "BezierLabTests/BezierLabTests-Info.plist";
				PRODUCT_NAME = "$(TARGET_NAME)";
				TEST_HOST = "$(BUNDLE_LOADER)";
				WRAPPER_EXTENSION = octest;
			};
			name = Release;
		};
/* End XCBuildConfiguration section */

/* Begin XCConfigurationList section */
		50F886EE14CF427E007AEE2E /* Build configuration list for PBXProject "BezierLab" */ = {
			isa = XCConfigurationList;
			buildConfigurations = (
				50F8872714CF427F007AEE2E /* Debug */,
				50F8872814CF427F007AEE2E /* Release */,
			);
			defaultConfigurationIsVisible = 0;
			defaultConfigurationName = Release;
		};
		50F8872914CF427F007AEE2E /* Build configuration list for PBXNativeTarget "BezierLab" */ = {
			isa = XCConfigurationList;
			buildConfigurations = (
				50F8872A14CF427F007AEE2E /* Debug */,
				50F8872B14CF427F007AEE2E /* Release */,
			);
			defaultConfigurationIsVisible = 0;
			defaultConfigurationName = Release;
		};
		50F8872C14CF427F007AEE2E /* Build configuration list for PBXNativeTarget "BezierLabTests" */ = {
			isa = XCConfigurationList;
			buildConfigurations = (
				50F8872D14CF427F007AEE2E /* Debug */,
				50F8872E14CF427F007AEE2E /* Release */,
			);
			defaultConfigurationIsVisible = 0;
			defaultConfigurationName = Release;
		};
/* End XCConfigurationList section */
	};
	rootObject = 50F886EB14CF427E007AEE2E /* Project object */;
}
